// !$*UTF8*$!
{
	archiveVersion = 1;
	classes = {
	};
	objectVersion = 51;
	objects = {

/* Begin PBXBuildFile section */
		040C96DF24C19D2C00A18B57 /* AppDelegate.swift in Sources */ = {isa = PBXBuildFile; fileRef = 040C96DE24C19D2C00A18B57 /* AppDelegate.swift */; };
		040C96E124C19D2C00A18B57 /* SceneDelegate.swift in Sources */ = {isa = PBXBuildFile; fileRef = 040C96E024C19D2C00A18B57 /* SceneDelegate.swift */; };
		040C96E624C19D2C00A18B57 /* Main.storyboard in Resources */ = {isa = PBXBuildFile; fileRef = 040C96E424C19D2C00A18B57 /* Main.storyboard */; };
		040C96FA24C19DFE00A18B57 /* BaseGameViewController.swift in Sources */ = {isa = PBXBuildFile; fileRef = 040C96F624C19DFE00A18B57 /* BaseGameViewController.swift */; };
		040C96FB24C19DFE00A18B57 /* BaseViewController.swift in Sources */ = {isa = PBXBuildFile; fileRef = 040C96F724C19DFE00A18B57 /* BaseViewController.swift */; };
		040C96FC24C19DFE00A18B57 /* ChooseViewController.swift in Sources */ = {isa = PBXBuildFile; fileRef = 040C96F824C19DFE00A18B57 /* ChooseViewController.swift */; };
		040C96FD24C19DFE00A18B57 /* MakeGameViewController.swift in Sources */ = {isa = PBXBuildFile; fileRef = 040C96F924C19DFE00A18B57 /* MakeGameViewController.swift */; };
		040C970D24C19ECF00A18B57 /* ChooseArmyViewController.swift in Sources */ = {isa = PBXBuildFile; fileRef = 040C970024C19ECF00A18B57 /* ChooseArmyViewController.swift */; };
		040C970E24C19ECF00A18B57 /* MainViewController.swift in Sources */ = {isa = PBXBuildFile; fileRef = 040C970124C19ECF00A18B57 /* MainViewController.swift */; };
		040C970F24C19ECF00A18B57 /* CreatGameViewController.swift in Sources */ = {isa = PBXBuildFile; fileRef = 040C970224C19ECF00A18B57 /* CreatGameViewController.swift */; };
		040C971024C19ECF00A18B57 /* SelectPlayersViewController.swift in Sources */ = {isa = PBXBuildFile; fileRef = 040C970324C19ECF00A18B57 /* SelectPlayersViewController.swift */; };
		040C971124C19ECF00A18B57 /* StoryViewController.swift in Sources */ = {isa = PBXBuildFile; fileRef = 040C970424C19ECF00A18B57 /* StoryViewController.swift */; };
		040C971224C19ECF00A18B57 /* GameViewControler.swift in Sources */ = {isa = PBXBuildFile; fileRef = 040C970524C19ECF00A18B57 /* GameViewControler.swift */; };
		040C971324C19ECF00A18B57 /* LoadViewController.swift in Sources */ = {isa = PBXBuildFile; fileRef = 040C970624C19ECF00A18B57 /* LoadViewController.swift */; };
		040C971424C19ECF00A18B57 /* ProfileViewController.swift in Sources */ = {isa = PBXBuildFile; fileRef = 040C970724C19ECF00A18B57 /* ProfileViewController.swift */; };
		040C971524C19ECF00A18B57 /* SelectMapViewController.swift in Sources */ = {isa = PBXBuildFile; fileRef = 040C970824C19ECF00A18B57 /* SelectMapViewController.swift */; };
		040C971624C19ECF00A18B57 /* OpeningViewController.swift in Sources */ = {isa = PBXBuildFile; fileRef = 040C970924C19ECF00A18B57 /* OpeningViewController.swift */; };
		040C971824C19ECF00A18B57 /* JoinGameViewController.swift in Sources */ = {isa = PBXBuildFile; fileRef = 040C970B24C19ECF00A18B57 /* JoinGameViewController.swift */; };
		040C971924C19ECF00A18B57 /* SettingsViewController.swift in Sources */ = {isa = PBXBuildFile; fileRef = 040C970C24C19ECF00A18B57 /* SettingsViewController.swift */; };
		040C971B24C19EEE00A18B57 /* Assets.xcassets in Resources */ = {isa = PBXBuildFile; fileRef = 040C971A24C19EEE00A18B57 /* Assets.xcassets */; };
		040C972024C19F3900A18B57 /* Game.swift in Sources */ = {isa = PBXBuildFile; fileRef = 040C971D24C19F3800A18B57 /* Game.swift */; };
		040C972124C19F3900A18B57 /* Army.swift in Sources */ = {isa = PBXBuildFile; fileRef = 040C971E24C19F3800A18B57 /* Army.swift */; };
		040C972224C19F3900A18B57 /* ItemsArray.swift in Sources */ = {isa = PBXBuildFile; fileRef = 040C971F24C19F3800A18B57 /* ItemsArray.swift */; };
		040C972924C19F5700A18B57 /* GameCollectionViewCell.swift in Sources */ = {isa = PBXBuildFile; fileRef = 040C972324C19F5700A18B57 /* GameCollectionViewCell.swift */; };
		040C972A24C19F5700A18B57 /* DefenceTableViewCell.swift in Sources */ = {isa = PBXBuildFile; fileRef = 040C972424C19F5700A18B57 /* DefenceTableViewCell.swift */; };
		040C972B24C19F5700A18B57 /* PlayersCell.swift in Sources */ = {isa = PBXBuildFile; fileRef = 040C972524C19F5700A18B57 /* PlayersCell.swift */; };
		040C972C24C19F5700A18B57 /* BuldingTableViewCell.swift in Sources */ = {isa = PBXBuildFile; fileRef = 040C972624C19F5700A18B57 /* BuldingTableViewCell.swift */; };
		040C972D24C19F5700A18B57 /* ArmyTableViewCell.swift in Sources */ = {isa = PBXBuildFile; fileRef = 040C972724C19F5700A18B57 /* ArmyTableViewCell.swift */; };
		040C972E24C19F5700A18B57 /* SpecialTableViewCell.swift in Sources */ = {isa = PBXBuildFile; fileRef = 040C972824C19F5700A18B57 /* SpecialTableViewCell.swift */; };
		040C973624C55E1100A18B57 /* divlit.ttf in Resources */ = {isa = PBXBuildFile; fileRef = 040C973424C55DAE00A18B57 /* divlit.ttf */; };
		040C973724C55E1400A18B57 /* KITCHENPOLICE.TTF in Resources */ = {isa = PBXBuildFile; fileRef = 040C973524C55DAE00A18B57 /* KITCHENPOLICE.TTF */; };
		040C973824C55E1800A18B57 /* Neutronium.ttf in Resources */ = {isa = PBXBuildFile; fileRef = 040C973224C55DAE00A18B57 /* Neutronium.ttf */; };
		040C973924C55E1D00A18B57 /* NEVERSAYDIE.ttf in Resources */ = {isa = PBXBuildFile; fileRef = 040C973324C55DAE00A18B57 /* NEVERSAYDIE.ttf */; };
		040C973A24C55E2100A18B57 /* sofachrome rg it.ttf in Resources */ = {isa = PBXBuildFile; fileRef = 040C973124C55DAD00A18B57 /* sofachrome rg it.ttf */; };
		040C97A624C5D38E00A18B57 /* Utilities.swift in Sources */ = {isa = PBXBuildFile; fileRef = 040C97A524C5D38E00A18B57 /* Utilities.swift */; };
		040C97AA24C6EEAD00A18B57 /* GoogleService-Info.plist in Resources */ = {isa = PBXBuildFile; fileRef = 040C97A924C6EEAD00A18B57 /* GoogleService-Info.plist */; };
		39150BD4B4DC98129884F44C /* Pods_LV7000.framework in Frameworks */ = {isa = PBXBuildFile; fileRef = C457B922C91D6D2C03926595 /* Pods_LV7000.framework */; };
/* End PBXBuildFile section */

/* Begin PBXFileReference section */
		040C96DB24C19D2C00A18B57 /* LV7000.app */ = {isa = PBXFileReference; explicitFileType = wrapper.application; includeInIndex = 0; path = LV7000.app; sourceTree = BUILT_PRODUCTS_DIR; };
		040C96DE24C19D2C00A18B57 /* AppDelegate.swift */ = {isa = PBXFileReference; lastKnownFileType = sourcecode.swift; path = AppDelegate.swift; sourceTree = "<group>"; };
		040C96E024C19D2C00A18B57 /* SceneDelegate.swift */ = {isa = PBXFileReference; lastKnownFileType = sourcecode.swift; path = SceneDelegate.swift; sourceTree = "<group>"; };
		040C96E524C19D2C00A18B57 /* Base */ = {isa = PBXFileReference; lastKnownFileType = file.storyboard; name = Base; path = Base.lproj/Main.storyboard; sourceTree = "<group>"; };
		040C96EC24C19D2E00A18B57 /* Info.plist */ = {isa = PBXFileReference; lastKnownFileType = text.plist.xml; path = Info.plist; sourceTree = "<group>"; };
		040C96F624C19DFE00A18B57 /* BaseGameViewController.swift */ = {isa = PBXFileReference; fileEncoding = 4; lastKnownFileType = sourcecode.swift; path = BaseGameViewController.swift; sourceTree = "<group>"; };
		040C96F724C19DFE00A18B57 /* BaseViewController.swift */ = {isa = PBXFileReference; fileEncoding = 4; lastKnownFileType = sourcecode.swift; path = BaseViewController.swift; sourceTree = "<group>"; };
		040C96F824C19DFE00A18B57 /* ChooseViewController.swift */ = {isa = PBXFileReference; fileEncoding = 4; lastKnownFileType = sourcecode.swift; path = ChooseViewController.swift; sourceTree = "<group>"; };
		040C96F924C19DFE00A18B57 /* MakeGameViewController.swift */ = {isa = PBXFileReference; fileEncoding = 4; lastKnownFileType = sourcecode.swift; path = MakeGameViewController.swift; sourceTree = "<group>"; };
		040C970024C19ECF00A18B57 /* ChooseArmyViewController.swift */ = {isa = PBXFileReference; fileEncoding = 4; lastKnownFileType = sourcecode.swift; path = ChooseArmyViewController.swift; sourceTree = "<group>"; };
		040C970124C19ECF00A18B57 /* MainViewController.swift */ = {isa = PBXFileReference; fileEncoding = 4; lastKnownFileType = sourcecode.swift; path = MainViewController.swift; sourceTree = "<group>"; };
		040C970224C19ECF00A18B57 /* CreatGameViewController.swift */ = {isa = PBXFileReference; fileEncoding = 4; lastKnownFileType = sourcecode.swift; path = CreatGameViewController.swift; sourceTree = "<group>"; };
		040C970324C19ECF00A18B57 /* SelectPlayersViewController.swift */ = {isa = PBXFileReference; fileEncoding = 4; lastKnownFileType = sourcecode.swift; path = SelectPlayersViewController.swift; sourceTree = "<group>"; };
		040C970424C19ECF00A18B57 /* StoryViewController.swift */ = {isa = PBXFileReference; fileEncoding = 4; lastKnownFileType = sourcecode.swift; path = StoryViewController.swift; sourceTree = "<group>"; };
		040C970524C19ECF00A18B57 /* GameViewControler.swift */ = {isa = PBXFileReference; fileEncoding = 4; lastKnownFileType = sourcecode.swift; path = GameViewControler.swift; sourceTree = "<group>"; };
		040C970624C19ECF00A18B57 /* LoadViewController.swift */ = {isa = PBXFileReference; fileEncoding = 4; lastKnownFileType = sourcecode.swift; path = LoadViewController.swift; sourceTree = "<group>"; };
		040C970724C19ECF00A18B57 /* ProfileViewController.swift */ = {isa = PBXFileReference; fileEncoding = 4; lastKnownFileType = sourcecode.swift; path = ProfileViewController.swift; sourceTree = "<group>"; };
		040C970824C19ECF00A18B57 /* SelectMapViewController.swift */ = {isa = PBXFileReference; fileEncoding = 4; lastKnownFileType = sourcecode.swift; path = SelectMapViewController.swift; sourceTree = "<group>"; };
		040C970924C19ECF00A18B57 /* OpeningViewController.swift */ = {isa = PBXFileReference; fileEncoding = 4; lastKnownFileType = sourcecode.swift; path = OpeningViewController.swift; sourceTree = "<group>"; };
		040C970B24C19ECF00A18B57 /* JoinGameViewController.swift */ = {isa = PBXFileReference; fileEncoding = 4; lastKnownFileType = sourcecode.swift; path = JoinGameViewController.swift; sourceTree = "<group>"; };
		040C970C24C19ECF00A18B57 /* SettingsViewController.swift */ = {isa = PBXFileReference; fileEncoding = 4; lastKnownFileType = sourcecode.swift; path = SettingsViewController.swift; sourceTree = "<group>"; };
		040C971A24C19EEE00A18B57 /* Assets.xcassets */ = {isa = PBXFileReference; lastKnownFileType = folder.assetcatalog; name = Assets.xcassets; path = "../../../../../Desktop/talhomework/aplications/Lv7001/Lv7001/Supporting Files/Assets.xcassets"; sourceTree = "<group>"; };
		040C971D24C19F3800A18B57 /* Game.swift */ = {isa = PBXFileReference; fileEncoding = 4; lastKnownFileType = sourcecode.swift; path = Game.swift; sourceTree = "<group>"; };
		040C971E24C19F3800A18B57 /* Army.swift */ = {isa = PBXFileReference; fileEncoding = 4; lastKnownFileType = sourcecode.swift; path = Army.swift; sourceTree = "<group>"; };
		040C971F24C19F3800A18B57 /* ItemsArray.swift */ = {isa = PBXFileReference; fileEncoding = 4; lastKnownFileType = sourcecode.swift; path = ItemsArray.swift; sourceTree = "<group>"; };
		040C972324C19F5700A18B57 /* GameCollectionViewCell.swift */ = {isa = PBXFileReference; fileEncoding = 4; lastKnownFileType = sourcecode.swift; path = GameCollectionViewCell.swift; sourceTree = "<group>"; };
		040C972424C19F5700A18B57 /* DefenceTableViewCell.swift */ = {isa = PBXFileReference; fileEncoding = 4; lastKnownFileType = sourcecode.swift; path = DefenceTableViewCell.swift; sourceTree = "<group>"; };
		040C972524C19F5700A18B57 /* PlayersCell.swift */ = {isa = PBXFileReference; fileEncoding = 4; lastKnownFileType = sourcecode.swift; path = PlayersCell.swift; sourceTree = "<group>"; };
		040C972624C19F5700A18B57 /* BuldingTableViewCell.swift */ = {isa = PBXFileReference; fileEncoding = 4; lastKnownFileType = sourcecode.swift; path = BuldingTableViewCell.swift; sourceTree = "<group>"; };
		040C972724C19F5700A18B57 /* ArmyTableViewCell.swift */ = {isa = PBXFileReference; fileEncoding = 4; lastKnownFileType = sourcecode.swift; path = ArmyTableViewCell.swift; sourceTree = "<group>"; };
		040C972824C19F5700A18B57 /* SpecialTableViewCell.swift */ = {isa = PBXFileReference; fileEncoding = 4; lastKnownFileType = sourcecode.swift; path = SpecialTableViewCell.swift; sourceTree = "<group>"; };
		040C973124C55DAD00A18B57 /* sofachrome rg it.ttf */ = {isa = PBXFileReference; lastKnownFileType = file; path = "sofachrome rg it.ttf"; sourceTree = "<group>"; };
		040C973224C55DAE00A18B57 /* Neutronium.ttf */ = {isa = PBXFileReference; lastKnownFileType = file; path = Neutronium.ttf; sourceTree = "<group>"; };
		040C973324C55DAE00A18B57 /* NEVERSAYDIE.ttf */ = {isa = PBXFileReference; lastKnownFileType = file; path = NEVERSAYDIE.ttf; sourceTree = "<group>"; };
		040C973424C55DAE00A18B57 /* divlit.ttf */ = {isa = PBXFileReference; lastKnownFileType = file; path = divlit.ttf; sourceTree = "<group>"; };
		040C973524C55DAE00A18B57 /* KITCHENPOLICE.TTF */ = {isa = PBXFileReference; lastKnownFileType = file; path = KITCHENPOLICE.TTF; sourceTree = "<group>"; };
		040C97A524C5D38E00A18B57 /* Utilities.swift */ = {isa = PBXFileReference; fileEncoding = 4; lastKnownFileType = sourcecode.swift; name = Utilities.swift; path = ../../../LoginExample/LoginExample/View/Utilities.swift; sourceTree = "<group>"; };
		040C97A924C6EEAD00A18B57 /* GoogleService-Info.plist */ = {isa = PBXFileReference; fileEncoding = 4; lastKnownFileType = text.plist.xml; path = "GoogleService-Info.plist"; sourceTree = "<group>"; };
		30A129AD378189DB60FC1DDF /* Pods-LV7000.release.xcconfig */ = {isa = PBXFileReference; includeInIndex = 1; lastKnownFileType = text.xcconfig; name = "Pods-LV7000.release.xcconfig"; path = "Target Support Files/Pods-LV7000/Pods-LV7000.release.xcconfig"; sourceTree = "<group>"; };
		C457B922C91D6D2C03926595 /* Pods_LV7000.framework */ = {isa = PBXFileReference; explicitFileType = wrapper.framework; includeInIndex = 0; path = Pods_LV7000.framework; sourceTree = BUILT_PRODUCTS_DIR; };
		FF6558E09F1421874B8F483F /* Pods-LV7000.debug.xcconfig */ = {isa = PBXFileReference; includeInIndex = 1; lastKnownFileType = text.xcconfig; name = "Pods-LV7000.debug.xcconfig"; path = "Target Support Files/Pods-LV7000/Pods-LV7000.debug.xcconfig"; sourceTree = "<group>"; };
/* End PBXFileReference section */

/* Begin PBXFrameworksBuildPhase section */
		040C96D824C19D2C00A18B57 /* Frameworks */ = {
			isa = PBXFrameworksBuildPhase;
			buildActionMask = 2147483647;
			files = (
				39150BD4B4DC98129884F44C /* Pods_LV7000.framework in Frameworks */,
			);
			runOnlyForDeploymentPostprocessing = 0;
		};
/* End PBXFrameworksBuildPhase section */

/* Begin PBXGroup section */
		040C96D224C19D2C00A18B57 = {
			isa = PBXGroup;
			children = (
				040C96DD24C19D2C00A18B57 /* LV7000 */,
				040C96DC24C19D2C00A18B57 /* Products */,
				2FA681CE84256910F28BC8EE /* Pods */,
				3B4E98C8E626FC0DC8780C39 /* Frameworks */,
			);
			sourceTree = "<group>";
		};
		040C96DC24C19D2C00A18B57 /* Products */ = {
			isa = PBXGroup;
			children = (
				040C96DB24C19D2C00A18B57 /* LV7000.app */,
			);
			name = Products;
			sourceTree = "<group>";
		};
		040C96DD24C19D2C00A18B57 /* LV7000 */ = {
			isa = PBXGroup;
			children = (
				040C96F224C19D8300A18B57 /* Supporting Files */,
				040C96F324C19DA000A18B57 /* Controller */,
				040C96EC24C19D2E00A18B57 /* Info.plist */,
				040C97A924C6EEAD00A18B57 /* GoogleService-Info.plist */,
				040C96F524C19DD100A18B57 /* Model */,
				040C96F424C19DC600A18B57 /* View */,
			);
			path = LV7000;
			sourceTree = "<group>";
		};
		040C96F224C19D8300A18B57 /* Supporting Files */ = {
			isa = PBXGroup;
			children = (
				040C971A24C19EEE00A18B57 /* Assets.xcassets */,
				040C96DE24C19D2C00A18B57 /* AppDelegate.swift */,
				040C96E024C19D2C00A18B57 /* SceneDelegate.swift */,
				040C96E424C19D2C00A18B57 /* Main.storyboard */,
				040C971C24C19F0D00A18B57 /* Fonts */,
			);
			path = "Supporting Files";
			sourceTree = "<group>";
		};
		040C96F324C19DA000A18B57 /* Controller */ = {
			isa = PBXGroup;
			children = (
				040C96FF24C19ECF00A18B57 /* ViewControllers */,
				040C96FE24C19E4900A18B57 /* BaseViewControllers */,
			);
			path = Controller;
			sourceTree = "<group>";
		};
		040C96F424C19DC600A18B57 /* View */ = {
			isa = PBXGroup;
			children = (
				040C972724C19F5700A18B57 /* ArmyTableViewCell.swift */,
				040C972624C19F5700A18B57 /* BuldingTableViewCell.swift */,
				040C972424C19F5700A18B57 /* DefenceTableViewCell.swift */,
				040C972324C19F5700A18B57 /* GameCollectionViewCell.swift */,
				040C972524C19F5700A18B57 /* PlayersCell.swift */,
				040C972824C19F5700A18B57 /* SpecialTableViewCell.swift */,
			);
			path = View;
			sourceTree = "<group>";
		};
		040C96F524C19DD100A18B57 /* Model */ = {
			isa = PBXGroup;
			children = (
				040C97A524C5D38E00A18B57 /* Utilities.swift */,
				040C971E24C19F3800A18B57 /* Army.swift */,
				040C971D24C19F3800A18B57 /* Game.swift */,
				040C971F24C19F3800A18B57 /* ItemsArray.swift */,
			);
			path = Model;
			sourceTree = "<group>";
		};
		040C96FE24C19E4900A18B57 /* BaseViewControllers */ = {
			isa = PBXGroup;
			children = (
				040C96F624C19DFE00A18B57 /* BaseGameViewController.swift */,
				040C96F724C19DFE00A18B57 /* BaseViewController.swift */,
				040C96F824C19DFE00A18B57 /* ChooseViewController.swift */,
				040C96F924C19DFE00A18B57 /* MakeGameViewController.swift */,
			);
			path = BaseViewControllers;
			sourceTree = "<group>";
		};
		040C96FF24C19ECF00A18B57 /* ViewControllers */ = {
			isa = PBXGroup;
			children = (
				040C970024C19ECF00A18B57 /* ChooseArmyViewController.swift */,
				040C970124C19ECF00A18B57 /* MainViewController.swift */,
				040C970224C19ECF00A18B57 /* CreatGameViewController.swift */,
				040C970324C19ECF00A18B57 /* SelectPlayersViewController.swift */,
				040C970424C19ECF00A18B57 /* StoryViewController.swift */,
				040C970524C19ECF00A18B57 /* GameViewControler.swift */,
				040C970624C19ECF00A18B57 /* LoadViewController.swift */,
				040C970724C19ECF00A18B57 /* ProfileViewController.swift */,
				040C970824C19ECF00A18B57 /* SelectMapViewController.swift */,
				040C970924C19ECF00A18B57 /* OpeningViewController.swift */,
				040C970B24C19ECF00A18B57 /* JoinGameViewController.swift */,
				040C970C24C19ECF00A18B57 /* SettingsViewController.swift */,
			);
			path = ViewControllers;
			sourceTree = "<group>";
		};
		040C971C24C19F0D00A18B57 /* Fonts */ = {
			isa = PBXGroup;
			children = (
				040C973424C55DAE00A18B57 /* divlit.ttf */,
				040C973524C55DAE00A18B57 /* KITCHENPOLICE.TTF */,
				040C973224C55DAE00A18B57 /* Neutronium.ttf */,
				040C973324C55DAE00A18B57 /* NEVERSAYDIE.ttf */,
				040C973124C55DAD00A18B57 /* sofachrome rg it.ttf */,
			);
			path = Fonts;
			sourceTree = "<group>";
		};
		2FA681CE84256910F28BC8EE /* Pods */ = {
			isa = PBXGroup;
			children = (
				FF6558E09F1421874B8F483F /* Pods-LV7000.debug.xcconfig */,
				30A129AD378189DB60FC1DDF /* Pods-LV7000.release.xcconfig */,
			);
			path = Pods;
			sourceTree = "<group>";
		};
		3B4E98C8E626FC0DC8780C39 /* Frameworks */ = {
			isa = PBXGroup;
			children = (
				C457B922C91D6D2C03926595 /* Pods_LV7000.framework */,
			);
			name = Frameworks;
			sourceTree = "<group>";
		};
/* End PBXGroup section */

/* Begin PBXNativeTarget section */
		040C96DA24C19D2C00A18B57 /* LV7000 */ = {
			isa = PBXNativeTarget;
			buildConfigurationList = 040C96EF24C19D2E00A18B57 /* Build configuration list for PBXNativeTarget "LV7000" */;
			buildPhases = (
				281C8E18549FB8D89A2A9C5A /* [CP] Check Pods Manifest.lock */,
				040C96D724C19D2C00A18B57 /* Sources */,
				040C96D824C19D2C00A18B57 /* Frameworks */,
				040C96D924C19D2C00A18B57 /* Resources */,
				B74DE0746651A2416FFBB830 /* [CP] Embed Pods Frameworks */,
			);
			buildRules = (
			);
			dependencies = (
			);
			name = LV7000;
			productName = LV7000;
			productReference = 040C96DB24C19D2C00A18B57 /* LV7000.app */;
			productType = "com.apple.product-type.application";
		};
/* End PBXNativeTarget section */

/* Begin PBXProject section */
		040C96D324C19D2C00A18B57 /* Project object */ = {
			isa = PBXProject;
			attributes = {
				LastSwiftUpdateCheck = 1160;
				LastUpgradeCheck = 1160;
				ORGANIZATIONNAME = aurica;
				TargetAttributes = {
					040C96DA24C19D2C00A18B57 = {
						CreatedOnToolsVersion = 11.6;
					};
				};
			};
			buildConfigurationList = 040C96D624C19D2C00A18B57 /* Build configuration list for PBXProject "LV7000" */;
			compatibilityVersion = "Xcode 9.3";
			developmentRegion = en;
			hasScannedForEncodings = 0;
			knownRegions = (
				en,
				Base,
			);
			mainGroup = 040C96D224C19D2C00A18B57;
			productRefGroup = 040C96DC24C19D2C00A18B57 /* Products */;
			projectDirPath = "";
			projectRoot = "";
			targets = (
				040C96DA24C19D2C00A18B57 /* LV7000 */,
			);
		};
/* End PBXProject section */

/* Begin PBXResourcesBuildPhase section */
		040C96D924C19D2C00A18B57 /* Resources */ = {
			isa = PBXResourcesBuildPhase;
			buildActionMask = 2147483647;
			files = (
				040C973924C55E1D00A18B57 /* NEVERSAYDIE.ttf in Resources */,
				040C97AA24C6EEAD00A18B57 /* GoogleService-Info.plist in Resources */,
				040C973824C55E1800A18B57 /* Neutronium.ttf in Resources */,
				040C971B24C19EEE00A18B57 /* Assets.xcassets in Resources */,
				040C96E624C19D2C00A18B57 /* Main.storyboard in Resources */,
				040C973624C55E1100A18B57 /* divlit.ttf in Resources */,
				040C973A24C55E2100A18B57 /* sofachrome rg it.ttf in Resources */,
				040C973724C55E1400A18B57 /* KITCHENPOLICE.TTF in Resources */,
			);
			runOnlyForDeploymentPostprocessing = 0;
		};
/* End PBXResourcesBuildPhase section */

/* Begin PBXShellScriptBuildPhase section */
		281C8E18549FB8D89A2A9C5A /* [CP] Check Pods Manifest.lock */ = {
			isa = PBXShellScriptBuildPhase;
			buildActionMask = 2147483647;
			files = (
			);
			inputFileListPaths = (
			);
			inputPaths = (
				"${PODS_PODFILE_DIR_PATH}/Podfile.lock",
				"${PODS_ROOT}/Manifest.lock",
			);
			name = "[CP] Check Pods Manifest.lock";
			outputFileListPaths = (
			);
			outputPaths = (
				"$(DERIVED_FILE_DIR)/Pods-LV7000-checkManifestLockResult.txt",
			);
			runOnlyForDeploymentPostprocessing = 0;
			shellPath = /bin/sh;
			shellScript = "diff \"${PODS_PODFILE_DIR_PATH}/Podfile.lock\" \"${PODS_ROOT}/Manifest.lock\" > /dev/null\nif [ $? != 0 ] ; then\n    # print error to STDERR\n    echo \"error: The sandbox is not in sync with the Podfile.lock. Run 'pod install' or update your CocoaPods installation.\" >&2\n    exit 1\nfi\n# This output is used by Xcode 'outputs' to avoid re-running this script phase.\necho \"SUCCESS\" > \"${SCRIPT_OUTPUT_FILE_0}\"\n";
			showEnvVarsInLog = 0;
		};
		B74DE0746651A2416FFBB830 /* [CP] Embed Pods Frameworks */ = {
			isa = PBXShellScriptBuildPhase;
			buildActionMask = 2147483647;
			files = (
			);
			inputFileListPaths = (
				"${PODS_ROOT}/Target Support Files/Pods-LV7000/Pods-LV7000-frameworks-${CONFIGURATION}-input-files.xcfilelist",
			);
			name = "[CP] Embed Pods Frameworks";
			outputFileListPaths = (
				"${PODS_ROOT}/Target Support Files/Pods-LV7000/Pods-LV7000-frameworks-${CONFIGURATION}-output-files.xcfilelist",
			);
			runOnlyForDeploymentPostprocessing = 0;
			shellPath = /bin/sh;
			shellScript = "\"${PODS_ROOT}/Target Support Files/Pods-LV7000/Pods-LV7000-frameworks.sh\"\n";
			showEnvVarsInLog = 0;
		};
/* End PBXShellScriptBuildPhase section */

/* Begin PBXSourcesBuildPhase section */
		040C96D724C19D2C00A18B57 /* Sources */ = {
			isa = PBXSourcesBuildPhase;
			buildActionMask = 2147483647;
			files = (
				040C96FD24C19DFE00A18B57 /* MakeGameViewController.swift in Sources */,
				040C972B24C19F5700A18B57 /* PlayersCell.swift in Sources */,
				040C972224C19F3900A18B57 /* ItemsArray.swift in Sources */,
				040C96FB24C19DFE00A18B57 /* BaseViewController.swift in Sources */,
				040C972C24C19F5700A18B57 /* BuldingTableViewCell.swift in Sources */,
				040C972124C19F3900A18B57 /* Army.swift in Sources */,
				040C96DF24C19D2C00A18B57 /* AppDelegate.swift in Sources */,
				040C971224C19ECF00A18B57 /* GameViewControler.swift in Sources */,
				040C971924C19ECF00A18B57 /* SettingsViewController.swift in Sources */,
				040C971424C19ECF00A18B57 /* ProfileViewController.swift in Sources */,
				040C971624C19ECF00A18B57 /* OpeningViewController.swift in Sources */,
				040C972A24C19F5700A18B57 /* DefenceTableViewCell.swift in Sources */,
				040C97A624C5D38E00A18B57 /* Utilities.swift in Sources */,
				040C971524C19ECF00A18B57 /* SelectMapViewController.swift in Sources */,
				040C971324C19ECF00A18B57 /* LoadViewController.swift in Sources */,
				040C972924C19F5700A18B57 /* GameCollectionViewCell.swift in Sources */,
				040C970D24C19ECF00A18B57 /* ChooseArmyViewController.swift in Sources */,
				040C972D24C19F5700A18B57 /* ArmyTableViewCell.swift in Sources */,
				040C972024C19F3900A18B57 /* Game.swift in Sources */,
				040C96E124C19D2C00A18B57 /* SceneDelegate.swift in Sources */,
				040C96FA24C19DFE00A18B57 /* BaseGameViewController.swift in Sources */,
				040C972E24C19F5700A18B57 /* SpecialTableViewCell.swift in Sources */,
				040C970F24C19ECF00A18B57 /* CreatGameViewController.swift in Sources */,
				040C971024C19ECF00A18B57 /* SelectPlayersViewController.swift in Sources */,
				040C971124C19ECF00A18B57 /* StoryViewController.swift in Sources */,
				040C96FC24C19DFE00A18B57 /* ChooseViewController.swift in Sources */,
				040C971824C19ECF00A18B57 /* JoinGameViewController.swift in Sources */,
				040C970E24C19ECF00A18B57 /* MainViewController.swift in Sources */,
			);
			runOnlyForDeploymentPostprocessing = 0;
		};
/* End PBXSourcesBuildPhase section */

/* Begin PBXVariantGroup section */
		040C96E424C19D2C00A18B57 /* Main.storyboard */ = {
			isa = PBXVariantGroup;
			children = (
				040C96E524C19D2C00A18B57 /* Base */,
			);
			name = Main.storyboard;
			sourceTree = "<group>";
		};
/* End PBXVariantGroup section */

/* Begin XCBuildConfiguration section */
		040C96ED24C19D2E00A18B57 /* Debug */ = {
			isa = XCBuildConfiguration;
			buildSettings = {
				ALWAYS_SEARCH_USER_PATHS = NO;
				CLANG_ANALYZER_NONNULL = YES;
				CLANG_ANALYZER_NUMBER_OBJECT_CONVERSION = YES_AGGRESSIVE;
				CLANG_CXX_LANGUAGE_STANDARD = "gnu++14";
				CLANG_CXX_LIBRARY = "libc++";
				CLANG_ENABLE_MODULES = YES;
				CLANG_ENABLE_OBJC_ARC = YES;
				CLANG_ENABLE_OBJC_WEAK = YES;
				CLANG_WARN_BLOCK_CAPTURE_AUTORELEASING = YES;
				CLANG_WARN_BOOL_CONVERSION = YES;
				CLANG_WARN_COMMA = YES;
				CLANG_WARN_CONSTANT_CONVERSION = YES;
				CLANG_WARN_DEPRECATED_OBJC_IMPLEMENTATIONS = YES;
				CLANG_WARN_DIRECT_OBJC_ISA_USAGE = YES_ERROR;
				CLANG_WARN_DOCUMENTATION_COMMENTS = YES;
				CLANG_WARN_EMPTY_BODY = YES;
				CLANG_WARN_ENUM_CONVERSION = YES;
				CLANG_WARN_INFINITE_RECURSION = YES;
				CLANG_WARN_INT_CONVERSION = YES;
				CLANG_WARN_NON_LITERAL_NULL_CONVERSION = YES;
				CLANG_WARN_OBJC_IMPLICIT_RETAIN_SELF = YES;
				CLANG_WARN_OBJC_LITERAL_CONVERSION = YES;
				CLANG_WARN_OBJC_ROOT_CLASS = YES_ERROR;
				CLANG_WARN_RANGE_LOOP_ANALYSIS = YES;
				CLANG_WARN_STRICT_PROTOTYPES = YES;
				CLANG_WARN_SUSPICIOUS_MOVE = YES;
				CLANG_WARN_UNGUARDED_AVAILABILITY = YES_AGGRESSIVE;
				CLANG_WARN_UNREACHABLE_CODE = YES;
				CLANG_WARN__DUPLICATE_METHOD_MATCH = YES;
				COPY_PHASE_STRIP = NO;
				DEBUG_INFORMATION_FORMAT = dwarf;
				ENABLE_STRICT_OBJC_MSGSEND = YES;
				ENABLE_TESTABILITY = YES;
				GCC_C_LANGUAGE_STANDARD = gnu11;
				GCC_DYNAMIC_NO_PIC = NO;
				GCC_NO_COMMON_BLOCKS = YES;
				GCC_OPTIMIZATION_LEVEL = 0;
				GCC_PREPROCESSOR_DEFINITIONS = (
					"DEBUG=1",
					"$(inherited)",
				);
				GCC_WARN_64_TO_32_BIT_CONVERSION = YES;
				GCC_WARN_ABOUT_RETURN_TYPE = YES_ERROR;
				GCC_WARN_UNDECLARED_SELECTOR = YES;
				GCC_WARN_UNINITIALIZED_AUTOS = YES_AGGRESSIVE;
				GCC_WARN_UNUSED_FUNCTION = YES;
				GCC_WARN_UNUSED_VARIABLE = YES;
				IPHONEOS_DEPLOYMENT_TARGET = 13.6;
				MTL_ENABLE_DEBUG_INFO = INCLUDE_SOURCE;
				MTL_FAST_MATH = YES;
				ONLY_ACTIVE_ARCH = YES;
				SDKROOT = iphoneos;
				SWIFT_ACTIVE_COMPILATION_CONDITIONS = DEBUG;
				SWIFT_OPTIMIZATION_LEVEL = "-Onone";
			};
			name = Debug;
		};
		040C96EE24C19D2E00A18B57 /* Release */ = {
			isa = XCBuildConfiguration;
			buildSettings = {
				ALWAYS_SEARCH_USER_PATHS = NO;
				CLANG_ANALYZER_NONNULL = YES;
				CLANG_ANALYZER_NUMBER_OBJECT_CONVERSION = YES_AGGRESSIVE;
				CLANG_CXX_LANGUAGE_STANDARD = "gnu++14";
				CLANG_CXX_LIBRARY = "libc++";
				CLANG_ENABLE_MODULES = YES;
				CLANG_ENABLE_OBJC_ARC = YES;
				CLANG_ENABLE_OBJC_WEAK = YES;
				CLANG_WARN_BLOCK_CAPTURE_AUTORELEASING = YES;
				CLANG_WARN_BOOL_CONVERSION = YES;
				CLANG_WARN_COMMA = YES;
				CLANG_WARN_CONSTANT_CONVERSION = YES;
				CLANG_WARN_DEPRECATED_OBJC_IMPLEMENTATIONS = YES;
				CLANG_WARN_DIRECT_OBJC_ISA_USAGE = YES_ERROR;
				CLANG_WARN_DOCUMENTATION_COMMENTS = YES;
				CLANG_WARN_EMPTY_BODY = YES;
				CLANG_WARN_ENUM_CONVERSION = YES;
				CLANG_WARN_INFINITE_RECURSION = YES;
				CLANG_WARN_INT_CONVERSION = YES;
				CLANG_WARN_NON_LITERAL_NULL_CONVERSION = YES;
				CLANG_WARN_OBJC_IMPLICIT_RETAIN_SELF = YES;
				CLANG_WARN_OBJC_LITERAL_CONVERSION = YES;
				CLANG_WARN_OBJC_ROOT_CLASS = YES_ERROR;
				CLANG_WARN_RANGE_LOOP_ANALYSIS = YES;
				CLANG_WARN_STRICT_PROTOTYPES = YES;
				CLANG_WARN_SUSPICIOUS_MOVE = YES;
				CLANG_WARN_UNGUARDED_AVAILABILITY = YES_AGGRESSIVE;
				CLANG_WARN_UNREACHABLE_CODE = YES;
				CLANG_WARN__DUPLICATE_METHOD_MATCH = YES;
				COPY_PHASE_STRIP = NO;
				DEBUG_INFORMATION_FORMAT = "dwarf-with-dsym";
				ENABLE_NS_ASSERTIONS = NO;
				ENABLE_STRICT_OBJC_MSGSEND = YES;
				GCC_C_LANGUAGE_STANDARD = gnu11;
				GCC_NO_COMMON_BLOCKS = YES;
				GCC_WARN_64_TO_32_BIT_CONVERSION = YES;
				GCC_WARN_ABOUT_RETURN_TYPE = YES_ERROR;
				GCC_WARN_UNDECLARED_SELECTOR = YES;
				GCC_WARN_UNINITIALIZED_AUTOS = YES_AGGRESSIVE;
				GCC_WARN_UNUSED_FUNCTION = YES;
				GCC_WARN_UNUSED_VARIABLE = YES;
				IPHONEOS_DEPLOYMENT_TARGET = 13.6;
				MTL_ENABLE_DEBUG_INFO = NO;
				MTL_FAST_MATH = YES;
				SDKROOT = iphoneos;
				SWIFT_COMPILATION_MODE = wholemodule;
				SWIFT_OPTIMIZATION_LEVEL = "-O";
				VALIDATE_PRODUCT = YES;
			};
			name = Release;
		};
		040C96F024C19D2E00A18B57 /* Debug */ = {
			isa = XCBuildConfiguration;
			baseConfigurationReference = FF6558E09F1421874B8F483F /* Pods-LV7000.debug.xcconfig */;
			buildSettings = {
				ASSETCATALOG_COMPILER_APPICON_NAME = AppIcon;
				CODE_SIGN_STYLE = Automatic;
				DEVELOPMENT_TEAM = 3NMQ3D66GQ;
				INFOPLIST_FILE = LV7000/Info.plist;
				LD_RUNPATH_SEARCH_PATHS = (
					"$(inherited)",
					"@executable_path/Frameworks",
				);
				PRODUCT_BUNDLE_IDENTIFIER = tm.LV7000;
				PRODUCT_NAME = "$(TARGET_NAME)";
				SWIFT_VERSION = 5.0;
				TARGETED_DEVICE_FAMILY = "1,2";
			};
			name = Debug;
		};
		040C96F124C19D2E00A18B57 /* Release */ = {
			isa = XCBuildConfiguration;
			baseConfigurationReference = 30A129AD378189DB60FC1DDF /* Pods-LV7000.release.xcconfig */;
			buildSettings = {
				ASSETCATALOG_COMPILER_APPICON_NAME = AppIcon;
				CODE_SIGN_STYLE = Automatic;
				DEVELOPMENT_TEAM = 3NMQ3D66GQ;
				INFOPLIST_FILE = LV7000/Info.plist;
				LD_RUNPATH_SEARCH_PATHS = (
					"$(inherited)",
					"@executable_path/Frameworks",
				);
				PRODUCT_BUNDLE_IDENTIFIER = tm.LV7000;
				PRODUCT_NAME = "$(TARGET_NAME)";
				SWIFT_VERSION = 5.0;
				TARGETED_DEVICE_FAMILY = "1,2";
			};
			name = Release;
		};
/* End XCBuildConfiguration section */

/* Begin XCConfigurationList section */
		040C96D624C19D2C00A18B57 /* Build configuration list for PBXProject "LV7000" */ = {
			isa = XCConfigurationList;
			buildConfigurations = (
				040C96ED24C19D2E00A18B57 /* Debug */,
				040C96EE24C19D2E00A18B57 /* Release */,
			);
			defaultConfigurationIsVisible = 0;
			defaultConfigurationName = Release;
		};
		040C96EF24C19D2E00A18B57 /* Build configuration list for PBXNativeTarget "LV7000" */ = {
			isa = XCConfigurationList;
			buildConfigurations = (
				040C96F024C19D2E00A18B57 /* Debug */,
				040C96F124C19D2E00A18B57 /* Release */,
			);
			defaultConfigurationIsVisible = 0;
			defaultConfigurationName = Release;
		};
/* End XCConfigurationList section */
	};
	rootObject = 040C96D324C19D2C00A18B57 /* Project object */;
}
