// !$*UTF8*$!
{
	archiveVersion = 1;
	classes = {
	};
	objectVersion = 51;
	objects = {

/* Begin PBXBuildFile section */
		045044DB24C06120008510AE /* AppDelegate.swift in Sources */ = {isa = PBXBuildFile; fileRef = 045044DA24C06120008510AE /* AppDelegate.swift */; };
		045044DD24C06120008510AE /* SceneDelegate.swift in Sources */ = {isa = PBXBuildFile; fileRef = 045044DC24C06120008510AE /* SceneDelegate.swift */; };
		045044E224C06120008510AE /* Main.storyboard in Resources */ = {isa = PBXBuildFile; fileRef = 045044E024C06120008510AE /* Main.storyboard */; };
		045044E524C06120008510AE /* LV7000.xcdatamodeld in Sources */ = {isa = PBXBuildFile; fileRef = 045044E324C06120008510AE /* LV7000.xcdatamodeld */; };
		045044F824C0659F008510AE /* Game.swift in Sources */ = {isa = PBXBuildFile; fileRef = 045044F724C0659F008510AE /* Game.swift */; };
		045044FA24C065B9008510AE /* Army.swift in Sources */ = {isa = PBXBuildFile; fileRef = 045044F924C065B9008510AE /* Army.swift */; };
		045044FC24C065DE008510AE /* ItemsArray.swift in Sources */ = {isa = PBXBuildFile; fileRef = 045044FB24C065DE008510AE /* ItemsArray.swift */; };
		045044FE24C066E3008510AE /* BaseViewController.swift in Sources */ = {isa = PBXBuildFile; fileRef = 045044FD24C066E3008510AE /* BaseViewController.swift */; };
		0450450024C066FD008510AE /* BaseGameViewController.swift in Sources */ = {isa = PBXBuildFile; fileRef = 045044FF24C066FD008510AE /* BaseGameViewController.swift */; };
		0450450224C06718008510AE /* ChooseViewController.swift in Sources */ = {isa = PBXBuildFile; fileRef = 0450450124C06718008510AE /* ChooseViewController.swift */; };
		0450450424C0673F008510AE /* MakeGameViewController.swift in Sources */ = {isa = PBXBuildFile; fileRef = 0450450324C0673F008510AE /* MakeGameViewController.swift */; };
		0450450724C068E0008510AE /* JoinGameViewController.swift in Sources */ = {isa = PBXBuildFile; fileRef = 0450450624C068E0008510AE /* JoinGameViewController.swift */; };
		0450450924C068F3008510AE /* CreatGameViewController.swift in Sources */ = {isa = PBXBuildFile; fileRef = 0450450824C068F3008510AE /* CreatGameViewController.swift */; };
		0450450B24C06903008510AE /* ChooseArmyViewController.swift in Sources */ = {isa = PBXBuildFile; fileRef = 0450450A24C06903008510AE /* ChooseArmyViewController.swift */; };
		0450450D24C06913008510AE /* SelectPlayersViewController.swift in Sources */ = {isa = PBXBuildFile; fileRef = 0450450C24C06913008510AE /* SelectPlayersViewController.swift */; };
		0450450F24C0692A008510AE /* MainViewController.swift in Sources */ = {isa = PBXBuildFile; fileRef = 0450450E24C0692A008510AE /* MainViewController.swift */; };
		0450451124C06940008510AE /* OpeningViewController.swift in Sources */ = {isa = PBXBuildFile; fileRef = 0450451024C06940008510AE /* OpeningViewController.swift */; };
		0450451324C06954008510AE /* LoadViewController.swift in Sources */ = {isa = PBXBuildFile; fileRef = 0450451224C06954008510AE /* LoadViewController.swift */; };
		0450451624C0696F008510AE /* SelectMapViewController.swift in Sources */ = {isa = PBXBuildFile; fileRef = 0450451524C0696F008510AE /* SelectMapViewController.swift */; };
		0450451824C06985008510AE /* ProfileViewController.swift in Sources */ = {isa = PBXBuildFile; fileRef = 0450451724C06984008510AE /* ProfileViewController.swift */; };
		0450451A24C0699F008510AE /* StoryViewController.swift in Sources */ = {isa = PBXBuildFile; fileRef = 0450451924C0699F008510AE /* StoryViewController.swift */; };
		0450451C24C069B4008510AE /* GameViewControler.swift in Sources */ = {isa = PBXBuildFile; fileRef = 0450451B24C069B4008510AE /* GameViewControler.swift */; };
		0450451F24C06B1E008510AE /* Default-568h@2x.png in Resources */ = {isa = PBXBuildFile; fileRef = 0450451E24C06B1E008510AE /* Default-568h@2x.png */; };
		0450452124C06C8C008510AE /* GameCollectionViewCell.swift in Sources */ = {isa = PBXBuildFile; fileRef = 0450452024C06C8C008510AE /* GameCollectionViewCell.swift */; };
		0450452324C06C9F008510AE /* BuldingTableViewCell.swift in Sources */ = {isa = PBXBuildFile; fileRef = 0450452224C06C9F008510AE /* BuldingTableViewCell.swift */; };
		0450452524C06CB9008510AE /* SpecialTableViewCell.swift in Sources */ = {isa = PBXBuildFile; fileRef = 0450452424C06CB9008510AE /* SpecialTableViewCell.swift */; };
		0450452724C06CCE008510AE /* DefenceTableViewCell.swift in Sources */ = {isa = PBXBuildFile; fileRef = 0450452624C06CCE008510AE /* DefenceTableViewCell.swift */; };
		0450452924C06CE7008510AE /* PlayersCell.swift in Sources */ = {isa = PBXBuildFile; fileRef = 0450452824C06CE7008510AE /* PlayersCell.swift */; };
		0450452B24C06CF8008510AE /* ArmyTableViewCell.swift in Sources */ = {isa = PBXBuildFile; fileRef = 0450452A24C06CF8008510AE /* ArmyTableViewCell.swift */; };
		0450452D24C06EE0008510AE /* Assets.xcassets in Resources */ = {isa = PBXBuildFile; fileRef = 0450452C24C06EDF008510AE /* Assets.xcassets */; };
		0450452F24C0815C008510AE /* GoogleService-Info.plist in Resources */ = {isa = PBXBuildFile; fileRef = 0450452E24C0815C008510AE /* GoogleService-Info.plist */; };
		D7DAF7F92DC7C6110740DD71 /* Pods_LV7000.framework in Frameworks */ = {isa = PBXBuildFile; fileRef = EB278F1FD5B32511D643669B /* Pods_LV7000.framework */; };
/* End PBXBuildFile section */

/* Begin PBXFileReference section */
		045044D724C06120008510AE /* LV7000.app */ = {isa = PBXFileReference; explicitFileType = wrapper.application; includeInIndex = 0; path = LV7000.app; sourceTree = BUILT_PRODUCTS_DIR; };
		045044DA24C06120008510AE /* AppDelegate.swift */ = {isa = PBXFileReference; lastKnownFileType = sourcecode.swift; path = AppDelegate.swift; sourceTree = "<group>"; };
		045044DC24C06120008510AE /* SceneDelegate.swift */ = {isa = PBXFileReference; lastKnownFileType = sourcecode.swift; path = SceneDelegate.swift; sourceTree = "<group>"; };
		045044E124C06120008510AE /* Base */ = {isa = PBXFileReference; lastKnownFileType = file.storyboard; name = Base; path = Base.lproj/Main.storyboard; sourceTree = "<group>"; };
		045044E424C06120008510AE /* LV7000.xcdatamodel */ = {isa = PBXFileReference; lastKnownFileType = wrapper.xcdatamodel; path = LV7000.xcdatamodel; sourceTree = "<group>"; };
		045044EB24C06124008510AE /* Info.plist */ = {isa = PBXFileReference; lastKnownFileType = text.plist.xml; path = Info.plist; sourceTree = "<group>"; };
		045044F724C0659F008510AE /* Game.swift */ = {isa = PBXFileReference; lastKnownFileType = sourcecode.swift; path = Game.swift; sourceTree = "<group>"; };
		045044F924C065B9008510AE /* Army.swift */ = {isa = PBXFileReference; lastKnownFileType = sourcecode.swift; path = Army.swift; sourceTree = "<group>"; };
		045044FB24C065DE008510AE /* ItemsArray.swift */ = {isa = PBXFileReference; lastKnownFileType = sourcecode.swift; path = ItemsArray.swift; sourceTree = "<group>"; };
		045044FD24C066E3008510AE /* BaseViewController.swift */ = {isa = PBXFileReference; lastKnownFileType = sourcecode.swift; path = BaseViewController.swift; sourceTree = "<group>"; };
		045044FF24C066FD008510AE /* BaseGameViewController.swift */ = {isa = PBXFileReference; lastKnownFileType = sourcecode.swift; path = BaseGameViewController.swift; sourceTree = "<group>"; };
		0450450124C06718008510AE /* ChooseViewController.swift */ = {isa = PBXFileReference; lastKnownFileType = sourcecode.swift; path = ChooseViewController.swift; sourceTree = "<group>"; };
		0450450324C0673F008510AE /* MakeGameViewController.swift */ = {isa = PBXFileReference; lastKnownFileType = sourcecode.swift; path = MakeGameViewController.swift; sourceTree = "<group>"; };
		0450450624C068E0008510AE /* JoinGameViewController.swift */ = {isa = PBXFileReference; lastKnownFileType = sourcecode.swift; path = JoinGameViewController.swift; sourceTree = "<group>"; };
		0450450824C068F3008510AE /* CreatGameViewController.swift */ = {isa = PBXFileReference; lastKnownFileType = sourcecode.swift; path = CreatGameViewController.swift; sourceTree = "<group>"; };
		0450450A24C06903008510AE /* ChooseArmyViewController.swift */ = {isa = PBXFileReference; lastKnownFileType = sourcecode.swift; path = ChooseArmyViewController.swift; sourceTree = "<group>"; };
		0450450C24C06913008510AE /* SelectPlayersViewController.swift */ = {isa = PBXFileReference; lastKnownFileType = sourcecode.swift; path = SelectPlayersViewController.swift; sourceTree = "<group>"; };
		0450450E24C0692A008510AE /* MainViewController.swift */ = {isa = PBXFileReference; lastKnownFileType = sourcecode.swift; path = MainViewController.swift; sourceTree = "<group>"; };
		0450451024C06940008510AE /* OpeningViewController.swift */ = {isa = PBXFileReference; lastKnownFileType = sourcecode.swift; path = OpeningViewController.swift; sourceTree = "<group>"; };
		0450451224C06954008510AE /* LoadViewController.swift */ = {isa = PBXFileReference; lastKnownFileType = sourcecode.swift; path = LoadViewController.swift; sourceTree = "<group>"; };
		0450451524C0696F008510AE /* SelectMapViewController.swift */ = {isa = PBXFileReference; lastKnownFileType = sourcecode.swift; path = SelectMapViewController.swift; sourceTree = "<group>"; };
		0450451724C06984008510AE /* ProfileViewController.swift */ = {isa = PBXFileReference; lastKnownFileType = sourcecode.swift; path = ProfileViewController.swift; sourceTree = "<group>"; };
		0450451924C0699F008510AE /* StoryViewController.swift */ = {isa = PBXFileReference; lastKnownFileType = sourcecode.swift; path = StoryViewController.swift; sourceTree = "<group>"; };
		0450451B24C069B4008510AE /* GameViewControler.swift */ = {isa = PBXFileReference; lastKnownFileType = sourcecode.swift; path = GameViewControler.swift; sourceTree = "<group>"; };
		0450451E24C06B1E008510AE /* Default-568h@2x.png */ = {isa = PBXFileReference; lastKnownFileType = image.png; path = "Default-568h@2x.png"; sourceTree = "<group>"; };
		0450452024C06C8C008510AE /* GameCollectionViewCell.swift */ = {isa = PBXFileReference; lastKnownFileType = sourcecode.swift; path = GameCollectionViewCell.swift; sourceTree = "<group>"; };
		0450452224C06C9F008510AE /* BuldingTableViewCell.swift */ = {isa = PBXFileReference; lastKnownFileType = sourcecode.swift; path = BuldingTableViewCell.swift; sourceTree = "<group>"; };
		0450452424C06CB9008510AE /* SpecialTableViewCell.swift */ = {isa = PBXFileReference; lastKnownFileType = sourcecode.swift; path = SpecialTableViewCell.swift; sourceTree = "<group>"; };
		0450452624C06CCE008510AE /* DefenceTableViewCell.swift */ = {isa = PBXFileReference; lastKnownFileType = sourcecode.swift; path = DefenceTableViewCell.swift; sourceTree = "<group>"; };
		0450452824C06CE7008510AE /* PlayersCell.swift */ = {isa = PBXFileReference; lastKnownFileType = sourcecode.swift; path = PlayersCell.swift; sourceTree = "<group>"; };
		0450452A24C06CF8008510AE /* ArmyTableViewCell.swift */ = {isa = PBXFileReference; lastKnownFileType = sourcecode.swift; path = ArmyTableViewCell.swift; sourceTree = "<group>"; };
		0450452C24C06EDF008510AE /* Assets.xcassets */ = {isa = PBXFileReference; lastKnownFileType = folder.assetcatalog; name = Assets.xcassets; path = "../../../../../Desktop/talhomework/aplications/Lv7001/Lv7001/Supporting Files/Assets.xcassets"; sourceTree = "<group>"; };
		0450452E24C0815C008510AE /* GoogleService-Info.plist */ = {isa = PBXFileReference; fileEncoding = 4; lastKnownFileType = text.plist.xml; path = "GoogleService-Info.plist"; sourceTree = "<group>"; };
		0450453124C0858D008510AE /* NEVERSAYDIE.ttf */ = {isa = PBXFileReference; lastKnownFileType = file; path = NEVERSAYDIE.ttf; sourceTree = "<group>"; };
		0450453224C0858D008510AE /* sofachrome rg it.ttf */ = {isa = PBXFileReference; lastKnownFileType = file; path = "sofachrome rg it.ttf"; sourceTree = "<group>"; };
		0450453324C0858E008510AE /* Neutronium.ttf */ = {isa = PBXFileReference; lastKnownFileType = file; path = Neutronium.ttf; sourceTree = "<group>"; };
		0450453424C0858E008510AE /* divlit.ttf */ = {isa = PBXFileReference; lastKnownFileType = file; path = divlit.ttf; sourceTree = "<group>"; };
		0450453524C0858E008510AE /* KITCHENPOLICE.TTF */ = {isa = PBXFileReference; lastKnownFileType = file; path = KITCHENPOLICE.TTF; sourceTree = "<group>"; };
		381075F53CCC5DB9DB4A0239 /* Pods-LV7000.release.xcconfig */ = {isa = PBXFileReference; includeInIndex = 1; lastKnownFileType = text.xcconfig; name = "Pods-LV7000.release.xcconfig"; path = "Target Support Files/Pods-LV7000/Pods-LV7000.release.xcconfig"; sourceTree = "<group>"; };
		95BD8DA971F9429EDF9ABBB8 /* Pods-LV7000.debug.xcconfig */ = {isa = PBXFileReference; includeInIndex = 1; lastKnownFileType = text.xcconfig; name = "Pods-LV7000.debug.xcconfig"; path = "Target Support Files/Pods-LV7000/Pods-LV7000.debug.xcconfig"; sourceTree = "<group>"; };
		EB278F1FD5B32511D643669B /* Pods_LV7000.framework */ = {isa = PBXFileReference; explicitFileType = wrapper.framework; includeInIndex = 0; path = Pods_LV7000.framework; sourceTree = BUILT_PRODUCTS_DIR; };
/* End PBXFileReference section */

/* Begin PBXFrameworksBuildPhase section */
		045044D424C06120008510AE /* Frameworks */ = {
			isa = PBXFrameworksBuildPhase;
			buildActionMask = 2147483647;
			files = (
				D7DAF7F92DC7C6110740DD71 /* Pods_LV7000.framework in Frameworks */,
			);
			runOnlyForDeploymentPostprocessing = 0;
		};
/* End PBXFrameworksBuildPhase section */

/* Begin PBXGroup section */
		045044CE24C06120008510AE = {
			isa = PBXGroup;
			children = (
				0450451E24C06B1E008510AE /* Default-568h@2x.png */,
				045044D924C06120008510AE /* LV7000 */,
				045044D824C06120008510AE /* Products */,
				B48EBFAD3DFEA138EC55669F /* Pods */,
				7A7E7D173FF14FBF000A7493 /* Frameworks */,
			);
			sourceTree = "<group>";
		};
		045044D824C06120008510AE /* Products */ = {
			isa = PBXGroup;
			children = (
				045044D724C06120008510AE /* LV7000.app */,
			);
			name = Products;
			sourceTree = "<group>";
		};
		045044D924C06120008510AE /* LV7000 */ = {
			isa = PBXGroup;
			children = (
				0450452E24C0815C008510AE /* GoogleService-Info.plist */,
				045044EB24C06124008510AE /* Info.plist */,
				045044F624C062E1008510AE /* Views */,
				045044F524C062C4008510AE /* Controlles */,
				045044F424C062B1008510AE /* Models */,
				045044F124C06215008510AE /* SupportFiles */,
				045044E324C06120008510AE /* LV7000.xcdatamodeld */,
				0450453024C08571008510AE /* Fonts */,
			);
			path = LV7000;
			sourceTree = "<group>";
		};
		045044F124C06215008510AE /* SupportFiles */ = {
			isa = PBXGroup;
			children = (
				045044DC24C06120008510AE /* SceneDelegate.swift */,
				0450452C24C06EDF008510AE /* Assets.xcassets */,
				045044E024C06120008510AE /* Main.storyboard */,
				045044DA24C06120008510AE /* AppDelegate.swift */,
			);
			path = SupportFiles;
			sourceTree = "<group>";
		};
		045044F424C062B1008510AE /* Models */ = {
			isa = PBXGroup;
			children = (
				045044F724C0659F008510AE /* Game.swift */,
				045044F924C065B9008510AE /* Army.swift */,
				045044FB24C065DE008510AE /* ItemsArray.swift */,
			);
			path = Models;
			sourceTree = "<group>";
		};
		045044F524C062C4008510AE /* Controlles */ = {
			isa = PBXGroup;
			children = (
				0450450524C06782008510AE /* BaisicsViewControllers */,
				0450451D24C069E0008510AE /* ViewControllers */,
			);
			path = Controlles;
			sourceTree = "<group>";
		};
		045044F624C062E1008510AE /* Views */ = {
			isa = PBXGroup;
			children = (
				0450452024C06C8C008510AE /* GameCollectionViewCell.swift */,
				0450452824C06CE7008510AE /* PlayersCell.swift */,
				0450452224C06C9F008510AE /* BuldingTableViewCell.swift */,
				0450452A24C06CF8008510AE /* ArmyTableViewCell.swift */,
				0450452424C06CB9008510AE /* SpecialTableViewCell.swift */,
				0450452624C06CCE008510AE /* DefenceTableViewCell.swift */,
			);
			path = Views;
			sourceTree = "<group>";
		};
		0450450524C06782008510AE /* BaisicsViewControllers */ = {
			isa = PBXGroup;
			children = (
				045044FD24C066E3008510AE /* BaseViewController.swift */,
				0450450324C0673F008510AE /* MakeGameViewController.swift */,
				045044FF24C066FD008510AE /* BaseGameViewController.swift */,
				0450450124C06718008510AE /* ChooseViewController.swift */,
			);
			path = BaisicsViewControllers;
			sourceTree = "<group>";
		};
		0450451D24C069E0008510AE /* ViewControllers */ = {
			isa = PBXGroup;
			children = (
				0450450624C068E0008510AE /* JoinGameViewController.swift */,
				0450450824C068F3008510AE /* CreatGameViewController.swift */,
				0450450A24C06903008510AE /* ChooseArmyViewController.swift */,
				0450450C24C06913008510AE /* SelectPlayersViewController.swift */,
				0450450E24C0692A008510AE /* MainViewController.swift */,
				0450451224C06954008510AE /* LoadViewController.swift */,
				0450451524C0696F008510AE /* SelectMapViewController.swift */,
				0450451724C06984008510AE /* ProfileViewController.swift */,
				0450451B24C069B4008510AE /* GameViewControler.swift */,
				0450451924C0699F008510AE /* StoryViewController.swift */,
				0450451024C06940008510AE /* OpeningViewController.swift */,
			);
			path = ViewControllers;
			sourceTree = "<group>";
		};
		0450453024C08571008510AE /* Fonts */ = {
			isa = PBXGroup;
			children = (
				0450453424C0858E008510AE /* divlit.ttf */,
				0450453524C0858E008510AE /* KITCHENPOLICE.TTF */,
				0450453324C0858E008510AE /* Neutronium.ttf */,
				0450453124C0858D008510AE /* NEVERSAYDIE.ttf */,
				0450453224C0858D008510AE /* sofachrome rg it.ttf */,
			);
			path = Fonts;
			sourceTree = "<group>";
		};
		7A7E7D173FF14FBF000A7493 /* Frameworks */ = {
			isa = PBXGroup;
			children = (
				EB278F1FD5B32511D643669B /* Pods_LV7000.framework */,
			);
			name = Frameworks;
			sourceTree = "<group>";
		};
		B48EBFAD3DFEA138EC55669F /* Pods */ = {
			isa = PBXGroup;
			children = (
				95BD8DA971F9429EDF9ABBB8 /* Pods-LV7000.debug.xcconfig */,
				381075F53CCC5DB9DB4A0239 /* Pods-LV7000.release.xcconfig */,
			);
			path = Pods;
			sourceTree = "<group>";
		};
/* End PBXGroup section */

/* Begin PBXNativeTarget section */
		045044D624C06120008510AE /* LV7000 */ = {
			isa = PBXNativeTarget;
			buildConfigurationList = 045044EE24C06124008510AE /* Build configuration list for PBXNativeTarget "LV7000" */;
			buildPhases = (
				4694D479C8F2B946CFBDA1A7 /* [CP] Check Pods Manifest.lock */,
				045044D324C06120008510AE /* Sources */,
				045044D424C06120008510AE /* Frameworks */,
				045044D524C06120008510AE /* Resources */,
				00B5A22CA96DA0528D7BD5E1 /* [CP] Embed Pods Frameworks */,
			);
			buildRules = (
			);
			dependencies = (
			);
			name = LV7000;
			productName = LV7000;
			productReference = 045044D724C06120008510AE /* LV7000.app */;
			productType = "com.apple.product-type.application";
		};
/* End PBXNativeTarget section */

/* Begin PBXProject section */
		045044CF24C06120008510AE /* Project object */ = {
			isa = PBXProject;
			attributes = {
				LastSwiftUpdateCheck = 1140;
				LastUpgradeCheck = 1140;
				ORGANIZATIONNAME = aurica;
				TargetAttributes = {
					045044D624C06120008510AE = {
						CreatedOnToolsVersion = 11.4.1;
					};
				};
			};
			buildConfigurationList = 045044D224C06120008510AE /* Build configuration list for PBXProject "LV7000" */;
			compatibilityVersion = "Xcode 9.3";
			developmentRegion = en;
			hasScannedForEncodings = 0;
			knownRegions = (
				en,
				Base,
			);
			mainGroup = 045044CE24C06120008510AE;
			productRefGroup = 045044D824C06120008510AE /* Products */;
			projectDirPath = "";
			projectRoot = "";
			targets = (
				045044D624C06120008510AE /* LV7000 */,
			);
		};
/* End PBXProject section */

/* Begin PBXResourcesBuildPhase section */
		045044D524C06120008510AE /* Resources */ = {
			isa = PBXResourcesBuildPhase;
			buildActionMask = 2147483647;
			files = (
				045044E224C06120008510AE /* Main.storyboard in Resources */,
				0450452F24C0815C008510AE /* GoogleService-Info.plist in Resources */,
				0450452D24C06EE0008510AE /* Assets.xcassets in Resources */,
				0450451F24C06B1E008510AE /* Default-568h@2x.png in Resources */,
			);
			runOnlyForDeploymentPostprocessing = 0;
		};
/* End PBXResourcesBuildPhase section */

/* Begin PBXShellScriptBuildPhase section */
		00B5A22CA96DA0528D7BD5E1 /* [CP] Embed Pods Frameworks */ = {
			isa = PBXShellScriptBuildPhase;
			buildActionMask = 2147483647;
			files = (
			);
			inputFileListPaths = (
				"${PODS_ROOT}/Target Support Files/Pods-LV7000/Pods-LV7000-frameworks-${CONFIGURATION}-input-files.xcfilelist",
			);
			name = "[CP] Embed Pods Frameworks";
			outputFileListPaths = (
				"${PODS_ROOT}/Target Support Files/Pods-LV7000/Pods-LV7000-frameworks-${CONFIGURATION}-output-files.xcfilelist",
			);
			runOnlyForDeploymentPostprocessing = 0;
			shellPath = /bin/sh;
			shellScript = "\"${PODS_ROOT}/Target Support Files/Pods-LV7000/Pods-LV7000-frameworks.sh\"\n";
			showEnvVarsInLog = 0;
		};
		4694D479C8F2B946CFBDA1A7 /* [CP] Check Pods Manifest.lock */ = {
			isa = PBXShellScriptBuildPhase;
			buildActionMask = 2147483647;
			files = (
			);
			inputFileListPaths = (
			);
			inputPaths = (
				"${PODS_PODFILE_DIR_PATH}/Podfile.lock",
				"${PODS_ROOT}/Manifest.lock",
			);
			name = "[CP] Check Pods Manifest.lock";
			outputFileListPaths = (
			);
			outputPaths = (
				"$(DERIVED_FILE_DIR)/Pods-LV7000-checkManifestLockResult.txt",
			);
			runOnlyForDeploymentPostprocessing = 0;
			shellPath = /bin/sh;
			shellScript = "diff \"${PODS_PODFILE_DIR_PATH}/Podfile.lock\" \"${PODS_ROOT}/Manifest.lock\" > /dev/null\nif [ $? != 0 ] ; then\n    # print error to STDERR\n    echo \"error: The sandbox is not in sync with the Podfile.lock. Run 'pod install' or update your CocoaPods installation.\" >&2\n    exit 1\nfi\n# This output is used by Xcode 'outputs' to avoid re-running this script phase.\necho \"SUCCESS\" > \"${SCRIPT_OUTPUT_FILE_0}\"\n";
			showEnvVarsInLog = 0;
		};
/* End PBXShellScriptBuildPhase section */

/* Begin PBXSourcesBuildPhase section */
		045044D324C06120008510AE /* Sources */ = {
			isa = PBXSourcesBuildPhase;
			buildActionMask = 2147483647;
			files = (
				0450451324C06954008510AE /* LoadViewController.swift in Sources */,
				0450452524C06CB9008510AE /* SpecialTableViewCell.swift in Sources */,
				0450452724C06CCE008510AE /* DefenceTableViewCell.swift in Sources */,
				045044FA24C065B9008510AE /* Army.swift in Sources */,
				0450452924C06CE7008510AE /* PlayersCell.swift in Sources */,
				0450451824C06985008510AE /* ProfileViewController.swift in Sources */,
				0450451C24C069B4008510AE /* GameViewControler.swift in Sources */,
				0450450924C068F3008510AE /* CreatGameViewController.swift in Sources */,
				045044E524C06120008510AE /* LV7000.xcdatamodeld in Sources */,
				045044F824C0659F008510AE /* Game.swift in Sources */,
				0450450224C06718008510AE /* ChooseViewController.swift in Sources */,
				0450450724C068E0008510AE /* JoinGameViewController.swift in Sources */,
				0450451124C06940008510AE /* OpeningViewController.swift in Sources */,
				0450450F24C0692A008510AE /* MainViewController.swift in Sources */,
				0450450D24C06913008510AE /* SelectPlayersViewController.swift in Sources */,
				0450452124C06C8C008510AE /* GameCollectionViewCell.swift in Sources */,
				0450451A24C0699F008510AE /* StoryViewController.swift in Sources */,
				0450452B24C06CF8008510AE /* ArmyTableViewCell.swift in Sources */,
				0450450024C066FD008510AE /* BaseGameViewController.swift in Sources */,
				045044DB24C06120008510AE /* AppDelegate.swift in Sources */,
				0450450424C0673F008510AE /* MakeGameViewController.swift in Sources */,
				0450450B24C06903008510AE /* ChooseArmyViewController.swift in Sources */,
				0450451624C0696F008510AE /* SelectMapViewController.swift in Sources */,
				045044FE24C066E3008510AE /* BaseViewController.swift in Sources */,
				0450452324C06C9F008510AE /* BuldingTableViewCell.swift in Sources */,
				045044FC24C065DE008510AE /* ItemsArray.swift in Sources */,
				045044DD24C06120008510AE /* SceneDelegate.swift in Sources */,
			);
			runOnlyForDeploymentPostprocessing = 0;
		};
/* End PBXSourcesBuildPhase section */

/* Begin PBXVariantGroup section */
		045044E024C06120008510AE /* Main.storyboard */ = {
			isa = PBXVariantGroup;
			children = (
				045044E124C06120008510AE /* Base */,
			);
			name = Main.storyboard;
			sourceTree = "<group>";
		};
/* End PBXVariantGroup section */

/* Begin XCBuildConfiguration section */
		045044EC24C06124008510AE /* Debug */ = {
			isa = XCBuildConfiguration;
			buildSettings = {
				ALWAYS_SEARCH_USER_PATHS = NO;
				CLANG_ANALYZER_NONNULL = YES;
				CLANG_ANALYZER_NUMBER_OBJECT_CONVERSION = YES_AGGRESSIVE;
				CLANG_CXX_LANGUAGE_STANDARD = "gnu++14";
				CLANG_CXX_LIBRARY = "libc++";
				CLANG_ENABLE_MODULES = YES;
				CLANG_ENABLE_OBJC_ARC = YES;
				CLANG_ENABLE_OBJC_WEAK = YES;
				CLANG_WARN_BLOCK_CAPTURE_AUTORELEASING = YES;
				CLANG_WARN_BOOL_CONVERSION = YES;
				CLANG_WARN_COMMA = YES;
				CLANG_WARN_CONSTANT_CONVERSION = YES;
				CLANG_WARN_DEPRECATED_OBJC_IMPLEMENTATIONS = YES;
				CLANG_WARN_DIRECT_OBJC_ISA_USAGE = YES_ERROR;
				CLANG_WARN_DOCUMENTATION_COMMENTS = YES;
				CLANG_WARN_EMPTY_BODY = YES;
				CLANG_WARN_ENUM_CONVERSION = YES;
				CLANG_WARN_INFINITE_RECURSION = YES;
				CLANG_WARN_INT_CONVERSION = YES;
				CLANG_WARN_NON_LITERAL_NULL_CONVERSION = YES;
				CLANG_WARN_OBJC_IMPLICIT_RETAIN_SELF = YES;
				CLANG_WARN_OBJC_LITERAL_CONVERSION = YES;
				CLANG_WARN_OBJC_ROOT_CLASS = YES_ERROR;
				CLANG_WARN_RANGE_LOOP_ANALYSIS = YES;
				CLANG_WARN_STRICT_PROTOTYPES = YES;
				CLANG_WARN_SUSPICIOUS_MOVE = YES;
				CLANG_WARN_UNGUARDED_AVAILABILITY = YES_AGGRESSIVE;
				CLANG_WARN_UNREACHABLE_CODE = YES;
				CLANG_WARN__DUPLICATE_METHOD_MATCH = YES;
				COPY_PHASE_STRIP = NO;
				DEBUG_INFORMATION_FORMAT = dwarf;
				ENABLE_STRICT_OBJC_MSGSEND = YES;
				ENABLE_TESTABILITY = YES;
				GCC_C_LANGUAGE_STANDARD = gnu11;
				GCC_DYNAMIC_NO_PIC = NO;
				GCC_NO_COMMON_BLOCKS = YES;
				GCC_OPTIMIZATION_LEVEL = 0;
				GCC_PREPROCESSOR_DEFINITIONS = (
					"DEBUG=1",
					"$(inherited)",
				);
				GCC_WARN_64_TO_32_BIT_CONVERSION = YES;
				GCC_WARN_ABOUT_RETURN_TYPE = YES_ERROR;
				GCC_WARN_UNDECLARED_SELECTOR = YES;
				GCC_WARN_UNINITIALIZED_AUTOS = YES_AGGRESSIVE;
				GCC_WARN_UNUSED_FUNCTION = YES;
				GCC_WARN_UNUSED_VARIABLE = YES;
				IPHONEOS_DEPLOYMENT_TARGET = 13.4;
				MTL_ENABLE_DEBUG_INFO = INCLUDE_SOURCE;
				MTL_FAST_MATH = YES;
				ONLY_ACTIVE_ARCH = YES;
				SDKROOT = iphoneos;
				SWIFT_ACTIVE_COMPILATION_CONDITIONS = DEBUG;
				SWIFT_OPTIMIZATION_LEVEL = "-Onone";
			};
			name = Debug;
		};
		045044ED24C06124008510AE /* Release */ = {
			isa = XCBuildConfiguration;
			buildSettings = {
				ALWAYS_SEARCH_USER_PATHS = NO;
				CLANG_ANALYZER_NONNULL = YES;
				CLANG_ANALYZER_NUMBER_OBJECT_CONVERSION = YES_AGGRESSIVE;
				CLANG_CXX_LANGUAGE_STANDARD = "gnu++14";
				CLANG_CXX_LIBRARY = "libc++";
				CLANG_ENABLE_MODULES = YES;
				CLANG_ENABLE_OBJC_ARC = YES;
				CLANG_ENABLE_OBJC_WEAK = YES;
				CLANG_WARN_BLOCK_CAPTURE_AUTORELEASING = YES;
				CLANG_WARN_BOOL_CONVERSION = YES;
				CLANG_WARN_COMMA = YES;
				CLANG_WARN_CONSTANT_CONVERSION = YES;
				CLANG_WARN_DEPRECATED_OBJC_IMPLEMENTATIONS = YES;
				CLANG_WARN_DIRECT_OBJC_ISA_USAGE = YES_ERROR;
				CLANG_WARN_DOCUMENTATION_COMMENTS = YES;
				CLANG_WARN_EMPTY_BODY = YES;
				CLANG_WARN_ENUM_CONVERSION = YES;
				CLANG_WARN_INFINITE_RECURSION = YES;
				CLANG_WARN_INT_CONVERSION = YES;
				CLANG_WARN_NON_LITERAL_NULL_CONVERSION = YES;
				CLANG_WARN_OBJC_IMPLICIT_RETAIN_SELF = YES;
				CLANG_WARN_OBJC_LITERAL_CONVERSION = YES;
				CLANG_WARN_OBJC_ROOT_CLASS = YES_ERROR;
				CLANG_WARN_RANGE_LOOP_ANALYSIS = YES;
				CLANG_WARN_STRICT_PROTOTYPES = YES;
				CLANG_WARN_SUSPICIOUS_MOVE = YES;
				CLANG_WARN_UNGUARDED_AVAILABILITY = YES_AGGRESSIVE;
				CLANG_WARN_UNREACHABLE_CODE = YES;
				CLANG_WARN__DUPLICATE_METHOD_MATCH = YES;
				COPY_PHASE_STRIP = NO;
				DEBUG_INFORMATION_FORMAT = "dwarf-with-dsym";
				ENABLE_NS_ASSERTIONS = NO;
				ENABLE_STRICT_OBJC_MSGSEND = YES;
				GCC_C_LANGUAGE_STANDARD = gnu11;
				GCC_NO_COMMON_BLOCKS = YES;
				GCC_WARN_64_TO_32_BIT_CONVERSION = YES;
				GCC_WARN_ABOUT_RETURN_TYPE = YES_ERROR;
				GCC_WARN_UNDECLARED_SELECTOR = YES;
				GCC_WARN_UNINITIALIZED_AUTOS = YES_AGGRESSIVE;
				GCC_WARN_UNUSED_FUNCTION = YES;
				GCC_WARN_UNUSED_VARIABLE = YES;
				IPHONEOS_DEPLOYMENT_TARGET = 13.4;
				MTL_ENABLE_DEBUG_INFO = NO;
				MTL_FAST_MATH = YES;
				SDKROOT = iphoneos;
				SWIFT_COMPILATION_MODE = wholemodule;
				SWIFT_OPTIMIZATION_LEVEL = "-O";
				VALIDATE_PRODUCT = YES;
			};
			name = Release;
		};
		045044EF24C06124008510AE /* Debug */ = {
			isa = XCBuildConfiguration;
			baseConfigurationReference = 95BD8DA971F9429EDF9ABBB8 /* Pods-LV7000.debug.xcconfig */;
			buildSettings = {
				ASSETCATALOG_COMPILER_APPICON_NAME = AppIcon;
				CODE_SIGN_STYLE = Automatic;
				DEVELOPMENT_TEAM = 3NMQ3D66GQ;
				INFOPLIST_FILE = LV7000/Info.plist;
				LD_RUNPATH_SEARCH_PATHS = (
					"$(inherited)",
					"@executable_path/Frameworks",
				);
				PRODUCT_BUNDLE_IDENTIFIER = tm.LV7000;
				PRODUCT_NAME = "$(TARGET_NAME)";
				SWIFT_VERSION = 5.0;
				TARGETED_DEVICE_FAMILY = "1,2";
			};
			name = Debug;
		};
		045044F024C06124008510AE /* Release */ = {
			isa = XCBuildConfiguration;
			baseConfigurationReference = 381075F53CCC5DB9DB4A0239 /* Pods-LV7000.release.xcconfig */;
			buildSettings = {
				ASSETCATALOG_COMPILER_APPICON_NAME = AppIcon;
				CODE_SIGN_STYLE = Automatic;
				DEVELOPMENT_TEAM = 3NMQ3D66GQ;
				INFOPLIST_FILE = LV7000/Info.plist;
				LD_RUNPATH_SEARCH_PATHS = (
					"$(inherited)",
					"@executable_path/Frameworks",
				);
				PRODUCT_BUNDLE_IDENTIFIER = tm.LV7000;
				PRODUCT_NAME = "$(TARGET_NAME)";
				SWIFT_VERSION = 5.0;
				TARGETED_DEVICE_FAMILY = "1,2";
			};
			name = Release;
		};
/* End XCBuildConfiguration section */

/* Begin XCConfigurationList section */
		045044D224C06120008510AE /* Build configuration list for PBXProject "LV7000" */ = {
			isa = XCConfigurationList;
			buildConfigurations = (
				045044EC24C06124008510AE /* Debug */,
				045044ED24C06124008510AE /* Release */,
			);
			defaultConfigurationIsVisible = 0;
			defaultConfigurationName = Release;
		};
		045044EE24C06124008510AE /* Build configuration list for PBXNativeTarget "LV7000" */ = {
			isa = XCConfigurationList;
			buildConfigurations = (
				045044EF24C06124008510AE /* Debug */,
				045044F024C06124008510AE /* Release */,
			);
			defaultConfigurationIsVisible = 0;
			defaultConfigurationName = Release;
		};
/* End XCConfigurationList section */

/* Begin XCVersionGroup section */
		045044E324C06120008510AE /* LV7000.xcdatamodeld */ = {
			isa = XCVersionGroup;
			children = (
				045044E424C06120008510AE /* LV7000.xcdatamodel */,
			);
			currentVersion = 045044E424C06120008510AE /* LV7000.xcdatamodel */;
			path = LV7000.xcdatamodeld;
			sourceTree = "<group>";
			versionGroupType = wrapper.xcdatamodel;
		};
/* End XCVersionGroup section */
	};
	rootObject = 045044CF24C06120008510AE /* Project object */;
}
