// !$*UTF8*$!
{
	archiveVersion = 1;
	classes = {
	};
	objectVersion = 51;
	objects = {

/* Begin PBXBuildFile section */
		040C977D24C5B1CE00A18B57 /* AppDelegate.swift in Sources */ = {isa = PBXBuildFile; fileRef = 040C977C24C5B1CE00A18B57 /* AppDelegate.swift */; };
		040C977F24C5B1CE00A18B57 /* SceneDelegate.swift in Sources */ = {isa = PBXBuildFile; fileRef = 040C977E24C5B1CE00A18B57 /* SceneDelegate.swift */; };
		040C978424C5B1CE00A18B57 /* Main.storyboard in Resources */ = {isa = PBXBuildFile; fileRef = 040C978224C5B1CE00A18B57 /* Main.storyboard */; };
		040C978624C5B1D100A18B57 /* Assets.xcassets in Resources */ = {isa = PBXBuildFile; fileRef = 040C978524C5B1D100A18B57 /* Assets.xcassets */; };
		040C978924C5B1D100A18B57 /* LaunchScreen.storyboard in Resources */ = {isa = PBXBuildFile; fileRef = 040C978724C5B1D100A18B57 /* LaunchScreen.storyboard */; };
		040C979824C5B2B700A18B57 /* SignUpViewController.swift in Sources */ = {isa = PBXBuildFile; fileRef = 040C979424C5B2B600A18B57 /* SignUpViewController.swift */; };
		040C979924C5B2B700A18B57 /* HomeViewController.swift in Sources */ = {isa = PBXBuildFile; fileRef = 040C979524C5B2B700A18B57 /* HomeViewController.swift */; };
		040C979A24C5B2B700A18B57 /* LoginViewController.swift in Sources */ = {isa = PBXBuildFile; fileRef = 040C979624C5B2B700A18B57 /* LoginViewController.swift */; };
		040C979B24C5B2B700A18B57 /* ViewController.swift in Sources */ = {isa = PBXBuildFile; fileRef = 040C979724C5B2B700A18B57 /* ViewController.swift */; };
		040C979D24C5B31600A18B57 /* Constants.swift in Sources */ = {isa = PBXBuildFile; fileRef = 040C979C24C5B31600A18B57 /* Constants.swift */; };
		040C979F24C5B31D00A18B57 /* Utilities.swift in Sources */ = {isa = PBXBuildFile; fileRef = 040C979E24C5B31D00A18B57 /* Utilities.swift */; };
		040C97A224C5B33A00A18B57 /* loginbg.mp4 in Resources */ = {isa = PBXBuildFile; fileRef = 040C97A124C5B33A00A18B57 /* loginbg.mp4 */; };
		040C97B024C8165400A18B57 /* GoogleService-Info.plist in Resources */ = {isa = PBXBuildFile; fileRef = 040C97AF24C8165400A18B57 /* GoogleService-Info.plist */; };
		521BA9C8FF3587A8215F1FDD /* Pods_LoginExample.framework in Frameworks */ = {isa = PBXBuildFile; fileRef = D4BE8D53B28D0C551BEA2EBF /* Pods_LoginExample.framework */; };
/* End PBXBuildFile section */

/* Begin PBXFileReference section */
		040C977924C5B1CE00A18B57 /* LoginExample.app */ = {isa = PBXFileReference; explicitFileType = wrapper.application; includeInIndex = 0; path = LoginExample.app; sourceTree = BUILT_PRODUCTS_DIR; };
		040C977C24C5B1CE00A18B57 /* AppDelegate.swift */ = {isa = PBXFileReference; lastKnownFileType = sourcecode.swift; path = AppDelegate.swift; sourceTree = "<group>"; };
		040C977E24C5B1CE00A18B57 /* SceneDelegate.swift */ = {isa = PBXFileReference; lastKnownFileType = sourcecode.swift; path = SceneDelegate.swift; sourceTree = "<group>"; };
		040C978324C5B1CE00A18B57 /* Base */ = {isa = PBXFileReference; lastKnownFileType = file.storyboard; name = Base; path = Base.lproj/Main.storyboard; sourceTree = "<group>"; };
		040C978524C5B1D100A18B57 /* Assets.xcassets */ = {isa = PBXFileReference; lastKnownFileType = folder.assetcatalog; path = Assets.xcassets; sourceTree = "<group>"; };
		040C978824C5B1D100A18B57 /* Base */ = {isa = PBXFileReference; lastKnownFileType = file.storyboard; name = Base; path = Base.lproj/LaunchScreen.storyboard; sourceTree = "<group>"; };
		040C978A24C5B1D100A18B57 /* Info.plist */ = {isa = PBXFileReference; lastKnownFileType = text.plist.xml; path = Info.plist; sourceTree = "<group>"; };
		040C979424C5B2B600A18B57 /* SignUpViewController.swift */ = {isa = PBXFileReference; fileEncoding = 4; lastKnownFileType = sourcecode.swift; path = SignUpViewController.swift; sourceTree = "<group>"; };
		040C979524C5B2B700A18B57 /* HomeViewController.swift */ = {isa = PBXFileReference; fileEncoding = 4; lastKnownFileType = sourcecode.swift; path = HomeViewController.swift; sourceTree = "<group>"; };
		040C979624C5B2B700A18B57 /* LoginViewController.swift */ = {isa = PBXFileReference; fileEncoding = 4; lastKnownFileType = sourcecode.swift; path = LoginViewController.swift; sourceTree = "<group>"; };
		040C979724C5B2B700A18B57 /* ViewController.swift */ = {isa = PBXFileReference; fileEncoding = 4; lastKnownFileType = sourcecode.swift; name = ViewController.swift; path = "../../../../../Downloads/CustomLoginDemo/CustomLoginDemo/View Controllers/ViewController.swift"; sourceTree = "<group>"; };
		040C979C24C5B31600A18B57 /* Constants.swift */ = {isa = PBXFileReference; fileEncoding = 4; lastKnownFileType = sourcecode.swift; path = Constants.swift; sourceTree = "<group>"; };
		040C979E24C5B31D00A18B57 /* Utilities.swift */ = {isa = PBXFileReference; fileEncoding = 4; lastKnownFileType = sourcecode.swift; path = Utilities.swift; sourceTree = "<group>"; };
		040C97A124C5B33A00A18B57 /* loginbg.mp4 */ = {isa = PBXFileReference; lastKnownFileType = file; path = loginbg.mp4; sourceTree = "<group>"; };
		040C97AF24C8165400A18B57 /* GoogleService-Info.plist */ = {isa = PBXFileReference; fileEncoding = 4; lastKnownFileType = text.plist.xml; name = "GoogleService-Info.plist"; path = "../../../../Downloads/GoogleService-Info.plist"; sourceTree = "<group>"; };
		1EB3935BEEEAAC9701EA3E50 /* Pods-LoginExample.release.xcconfig */ = {isa = PBXFileReference; includeInIndex = 1; lastKnownFileType = text.xcconfig; name = "Pods-LoginExample.release.xcconfig"; path = "Target Support Files/Pods-LoginExample/Pods-LoginExample.release.xcconfig"; sourceTree = "<group>"; };
		4351FF0C72193A0753F01667 /* Pods-LoginExample.debug.xcconfig */ = {isa = PBXFileReference; includeInIndex = 1; lastKnownFileType = text.xcconfig; name = "Pods-LoginExample.debug.xcconfig"; path = "Target Support Files/Pods-LoginExample/Pods-LoginExample.debug.xcconfig"; sourceTree = "<group>"; };
		D4BE8D53B28D0C551BEA2EBF /* Pods_LoginExample.framework */ = {isa = PBXFileReference; explicitFileType = wrapper.framework; includeInIndex = 0; path = Pods_LoginExample.framework; sourceTree = BUILT_PRODUCTS_DIR; };
/* End PBXFileReference section */

/* Begin PBXFrameworksBuildPhase section */
		040C977624C5B1CE00A18B57 /* Frameworks */ = {
			isa = PBXFrameworksBuildPhase;
			buildActionMask = 2147483647;
			files = (
				521BA9C8FF3587A8215F1FDD /* Pods_LoginExample.framework in Frameworks */,
			);
			runOnlyForDeploymentPostprocessing = 0;
		};
/* End PBXFrameworksBuildPhase section */

/* Begin PBXGroup section */
		040C977024C5B1CE00A18B57 = {
			isa = PBXGroup;
			children = (
				040C977B24C5B1CE00A18B57 /* LoginExample */,
				040C977A24C5B1CE00A18B57 /* Products */,
				1A21E809447CD88B39FF963B /* Pods */,
				F3601D021DC66423ADF9E744 /* Frameworks */,
			);
			sourceTree = "<group>";
		};
		040C977A24C5B1CE00A18B57 /* Products */ = {
			isa = PBXGroup;
			children = (
				040C977924C5B1CE00A18B57 /* LoginExample.app */,
			);
			name = Products;
			sourceTree = "<group>";
		};
		040C977B24C5B1CE00A18B57 /* LoginExample */ = {
			isa = PBXGroup;
			children = (
				040C978A24C5B1D100A18B57 /* Info.plist */,
				040C97AF24C8165400A18B57 /* GoogleService-Info.plist */,
				040C979324C5B2A200A18B57 /* Model */,
				040C979224C5B29C00A18B57 /* View */,
				040C979024C5B27800A18B57 /* Supporting Files */,
				040C979124C5B28D00A18B57 /* Controller */,
			);
			path = LoginExample;
			sourceTree = "<group>";
		};
		040C979024C5B27800A18B57 /* Supporting Files */ = {
			isa = PBXGroup;
			children = (
				040C977C24C5B1CE00A18B57 /* AppDelegate.swift */,
				040C977E24C5B1CE00A18B57 /* SceneDelegate.swift */,
				040C978224C5B1CE00A18B57 /* Main.storyboard */,
				040C978524C5B1D100A18B57 /* Assets.xcassets */,
				040C978724C5B1D100A18B57 /* LaunchScreen.storyboard */,
				040C97A024C5B33A00A18B57 /* Media */,
			);
			path = "Supporting Files";
			sourceTree = "<group>";
		};
		040C979124C5B28D00A18B57 /* Controller */ = {
			isa = PBXGroup;
			children = (
				040C979424C5B2B600A18B57 /* SignUpViewController.swift */,
				040C979624C5B2B700A18B57 /* LoginViewController.swift */,
				040C979524C5B2B700A18B57 /* HomeViewController.swift */,
				040C979724C5B2B700A18B57 /* ViewController.swift */,
			);
			path = Controller;
			sourceTree = "<group>";
		};
		040C979224C5B29C00A18B57 /* View */ = {
			isa = PBXGroup;
			children = (
				040C979E24C5B31D00A18B57 /* Utilities.swift */,
			);
			path = View;
			sourceTree = "<group>";
		};
		040C979324C5B2A200A18B57 /* Model */ = {
			isa = PBXGroup;
			children = (
				040C979C24C5B31600A18B57 /* Constants.swift */,
			);
			path = Model;
			sourceTree = "<group>";
		};
		040C97A024C5B33A00A18B57 /* Media */ = {
			isa = PBXGroup;
			children = (
				040C97A124C5B33A00A18B57 /* loginbg.mp4 */,
			);
			path = Media;
			sourceTree = "<group>";
		};
		1A21E809447CD88B39FF963B /* Pods */ = {
			isa = PBXGroup;
			children = (
				4351FF0C72193A0753F01667 /* Pods-LoginExample.debug.xcconfig */,
				1EB3935BEEEAAC9701EA3E50 /* Pods-LoginExample.release.xcconfig */,
			);
			path = Pods;
			sourceTree = "<group>";
		};
		F3601D021DC66423ADF9E744 /* Frameworks */ = {
			isa = PBXGroup;
			children = (
				D4BE8D53B28D0C551BEA2EBF /* Pods_LoginExample.framework */,
			);
			name = Frameworks;
			sourceTree = "<group>";
		};
/* End PBXGroup section */

/* Begin PBXNativeTarget section */
		040C977824C5B1CE00A18B57 /* LoginExample */ = {
			isa = PBXNativeTarget;
			buildConfigurationList = 040C978D24C5B1D100A18B57 /* Build configuration list for PBXNativeTarget "LoginExample" */;
			buildPhases = (
				4949A5D4DB2B90871F059A8C /* [CP] Check Pods Manifest.lock */,
				040C977524C5B1CE00A18B57 /* Sources */,
				040C977624C5B1CE00A18B57 /* Frameworks */,
				040C977724C5B1CE00A18B57 /* Resources */,
				36C33457856D8F4ABAF41C1C /* [CP] Embed Pods Frameworks */,
			);
			buildRules = (
			);
			dependencies = (
			);
			name = LoginExample;
			productName = LoginExample;
			productReference = 040C977924C5B1CE00A18B57 /* LoginExample.app */;
			productType = "com.apple.product-type.application";
		};
/* End PBXNativeTarget section */

/* Begin PBXProject section */
		040C977124C5B1CE00A18B57 /* Project object */ = {
			isa = PBXProject;
			attributes = {
				LastSwiftUpdateCheck = 1160;
				LastUpgradeCheck = 1160;
				ORGANIZATIONNAME = aurica;
				TargetAttributes = {
					040C977824C5B1CE00A18B57 = {
						CreatedOnToolsVersion = 11.6;
					};
				};
			};
			buildConfigurationList = 040C977424C5B1CE00A18B57 /* Build configuration list for PBXProject "LoginExample" */;
			compatibilityVersion = "Xcode 9.3";
			developmentRegion = en;
			hasScannedForEncodings = 0;
			knownRegions = (
				en,
				Base,
			);
			mainGroup = 040C977024C5B1CE00A18B57;
			productRefGroup = 040C977A24C5B1CE00A18B57 /* Products */;
			projectDirPath = "";
			projectRoot = "";
			targets = (
				040C977824C5B1CE00A18B57 /* LoginExample */,
			);
		};
/* End PBXProject section */

/* Begin PBXResourcesBuildPhase section */
		040C977724C5B1CE00A18B57 /* Resources */ = {
			isa = PBXResourcesBuildPhase;
			buildActionMask = 2147483647;
			files = (
				040C97A224C5B33A00A18B57 /* loginbg.mp4 in Resources */,
				040C978924C5B1D100A18B57 /* LaunchScreen.storyboard in Resources */,
				040C97B024C8165400A18B57 /* GoogleService-Info.plist in Resources */,
				040C978624C5B1D100A18B57 /* Assets.xcassets in Resources */,
				040C978424C5B1CE00A18B57 /* Main.storyboard in Resources */,
			);
			runOnlyForDeploymentPostprocessing = 0;
		};
/* End PBXResourcesBuildPhase section */

/* Begin PBXShellScriptBuildPhase section */
		36C33457856D8F4ABAF41C1C /* [CP] Embed Pods Frameworks */ = {
			isa = PBXShellScriptBuildPhase;
			buildActionMask = 2147483647;
			files = (
			);
			inputFileListPaths = (
				"${PODS_ROOT}/Target Support Files/Pods-LoginExample/Pods-LoginExample-frameworks-${CONFIGURATION}-input-files.xcfilelist",
			);
			name = "[CP] Embed Pods Frameworks";
			outputFileListPaths = (
				"${PODS_ROOT}/Target Support Files/Pods-LoginExample/Pods-LoginExample-frameworks-${CONFIGURATION}-output-files.xcfilelist",
			);
			runOnlyForDeploymentPostprocessing = 0;
			shellPath = /bin/sh;
			shellScript = "\"${PODS_ROOT}/Target Support Files/Pods-LoginExample/Pods-LoginExample-frameworks.sh\"\n";
			showEnvVarsInLog = 0;
		};
		4949A5D4DB2B90871F059A8C /* [CP] Check Pods Manifest.lock */ = {
			isa = PBXShellScriptBuildPhase;
			buildActionMask = 2147483647;
			files = (
			);
			inputFileListPaths = (
			);
			inputPaths = (
				"${PODS_PODFILE_DIR_PATH}/Podfile.lock",
				"${PODS_ROOT}/Manifest.lock",
			);
			name = "[CP] Check Pods Manifest.lock";
			outputFileListPaths = (
			);
			outputPaths = (
				"$(DERIVED_FILE_DIR)/Pods-LoginExample-checkManifestLockResult.txt",
			);
			runOnlyForDeploymentPostprocessing = 0;
			shellPath = /bin/sh;
			shellScript = "diff \"${PODS_PODFILE_DIR_PATH}/Podfile.lock\" \"${PODS_ROOT}/Manifest.lock\" > /dev/null\nif [ $? != 0 ] ; then\n    # print error to STDERR\n    echo \"error: The sandbox is not in sync with the Podfile.lock. Run 'pod install' or update your CocoaPods installation.\" >&2\n    exit 1\nfi\n# This output is used by Xcode 'outputs' to avoid re-running this script phase.\necho \"SUCCESS\" > \"${SCRIPT_OUTPUT_FILE_0}\"\n";
			showEnvVarsInLog = 0;
		};
/* End PBXShellScriptBuildPhase section */

/* Begin PBXSourcesBuildPhase section */
		040C977524C5B1CE00A18B57 /* Sources */ = {
			isa = PBXSourcesBuildPhase;
			buildActionMask = 2147483647;
			files = (
				040C979A24C5B2B700A18B57 /* LoginViewController.swift in Sources */,
				040C979924C5B2B700A18B57 /* HomeViewController.swift in Sources */,
				040C977D24C5B1CE00A18B57 /* AppDelegate.swift in Sources */,
				040C979B24C5B2B700A18B57 /* ViewController.swift in Sources */,
				040C979D24C5B31600A18B57 /* Constants.swift in Sources */,
				040C979824C5B2B700A18B57 /* SignUpViewController.swift in Sources */,
				040C979F24C5B31D00A18B57 /* Utilities.swift in Sources */,
				040C977F24C5B1CE00A18B57 /* SceneDelegate.swift in Sources */,
			);
			runOnlyForDeploymentPostprocessing = 0;
		};
/* End PBXSourcesBuildPhase section */

/* Begin PBXVariantGroup section */
		040C978224C5B1CE00A18B57 /* Main.storyboard */ = {
			isa = PBXVariantGroup;
			children = (
				040C978324C5B1CE00A18B57 /* Base */,
			);
			name = Main.storyboard;
			sourceTree = "<group>";
		};
		040C978724C5B1D100A18B57 /* LaunchScreen.storyboard */ = {
			isa = PBXVariantGroup;
			children = (
				040C978824C5B1D100A18B57 /* Base */,
			);
			name = LaunchScreen.storyboard;
			sourceTree = "<group>";
		};
/* End PBXVariantGroup section */

/* Begin XCBuildConfiguration section */
		040C978B24C5B1D100A18B57 /* Debug */ = {
			isa = XCBuildConfiguration;
			buildSettings = {
				ALWAYS_SEARCH_USER_PATHS = NO;
				CLANG_ANALYZER_NONNULL = YES;
				CLANG_ANALYZER_NUMBER_OBJECT_CONVERSION = YES_AGGRESSIVE;
				CLANG_CXX_LANGUAGE_STANDARD = "gnu++14";
				CLANG_CXX_LIBRARY = "libc++";
				CLANG_ENABLE_MODULES = YES;
				CLANG_ENABLE_OBJC_ARC = YES;
				CLANG_ENABLE_OBJC_WEAK = YES;
				CLANG_WARN_BLOCK_CAPTURE_AUTORELEASING = YES;
				CLANG_WARN_BOOL_CONVERSION = YES;
				CLANG_WARN_COMMA = YES;
				CLANG_WARN_CONSTANT_CONVERSION = YES;
				CLANG_WARN_DEPRECATED_OBJC_IMPLEMENTATIONS = YES;
				CLANG_WARN_DIRECT_OBJC_ISA_USAGE = YES_ERROR;
				CLANG_WARN_DOCUMENTATION_COMMENTS = YES;
				CLANG_WARN_EMPTY_BODY = YES;
				CLANG_WARN_ENUM_CONVERSION = YES;
				CLANG_WARN_INFINITE_RECURSION = YES;
				CLANG_WARN_INT_CONVERSION = YES;
				CLANG_WARN_NON_LITERAL_NULL_CONVERSION = YES;
				CLANG_WARN_OBJC_IMPLICIT_RETAIN_SELF = YES;
				CLANG_WARN_OBJC_LITERAL_CONVERSION = YES;
				CLANG_WARN_OBJC_ROOT_CLASS = YES_ERROR;
				CLANG_WARN_RANGE_LOOP_ANALYSIS = YES;
				CLANG_WARN_STRICT_PROTOTYPES = YES;
				CLANG_WARN_SUSPICIOUS_MOVE = YES;
				CLANG_WARN_UNGUARDED_AVAILABILITY = YES_AGGRESSIVE;
				CLANG_WARN_UNREACHABLE_CODE = YES;
				CLANG_WARN__DUPLICATE_METHOD_MATCH = YES;
				COPY_PHASE_STRIP = NO;
				DEBUG_INFORMATION_FORMAT = dwarf;
				ENABLE_STRICT_OBJC_MSGSEND = YES;
				ENABLE_TESTABILITY = YES;
				GCC_C_LANGUAGE_STANDARD = gnu11;
				GCC_DYNAMIC_NO_PIC = NO;
				GCC_NO_COMMON_BLOCKS = YES;
				GCC_OPTIMIZATION_LEVEL = 0;
				GCC_PREPROCESSOR_DEFINITIONS = (
					"DEBUG=1",
					"$(inherited)",
				);
				GCC_WARN_64_TO_32_BIT_CONVERSION = YES;
				GCC_WARN_ABOUT_RETURN_TYPE = YES_ERROR;
				GCC_WARN_UNDECLARED_SELECTOR = YES;
				GCC_WARN_UNINITIALIZED_AUTOS = YES_AGGRESSIVE;
				GCC_WARN_UNUSED_FUNCTION = YES;
				GCC_WARN_UNUSED_VARIABLE = YES;
				IPHONEOS_DEPLOYMENT_TARGET = 13.6;
				MTL_ENABLE_DEBUG_INFO = INCLUDE_SOURCE;
				MTL_FAST_MATH = YES;
				ONLY_ACTIVE_ARCH = YES;
				SDKROOT = iphoneos;
				SWIFT_ACTIVE_COMPILATION_CONDITIONS = DEBUG;
				SWIFT_OPTIMIZATION_LEVEL = "-Onone";
			};
			name = Debug;
		};
		040C978C24C5B1D100A18B57 /* Release */ = {
			isa = XCBuildConfiguration;
			buildSettings = {
				ALWAYS_SEARCH_USER_PATHS = NO;
				CLANG_ANALYZER_NONNULL = YES;
				CLANG_ANALYZER_NUMBER_OBJECT_CONVERSION = YES_AGGRESSIVE;
				CLANG_CXX_LANGUAGE_STANDARD = "gnu++14";
				CLANG_CXX_LIBRARY = "libc++";
				CLANG_ENABLE_MODULES = YES;
				CLANG_ENABLE_OBJC_ARC = YES;
				CLANG_ENABLE_OBJC_WEAK = YES;
				CLANG_WARN_BLOCK_CAPTURE_AUTORELEASING = YES;
				CLANG_WARN_BOOL_CONVERSION = YES;
				CLANG_WARN_COMMA = YES;
				CLANG_WARN_CONSTANT_CONVERSION = YES;
				CLANG_WARN_DEPRECATED_OBJC_IMPLEMENTATIONS = YES;
				CLANG_WARN_DIRECT_OBJC_ISA_USAGE = YES_ERROR;
				CLANG_WARN_DOCUMENTATION_COMMENTS = YES;
				CLANG_WARN_EMPTY_BODY = YES;
				CLANG_WARN_ENUM_CONVERSION = YES;
				CLANG_WARN_INFINITE_RECURSION = YES;
				CLANG_WARN_INT_CONVERSION = YES;
				CLANG_WARN_NON_LITERAL_NULL_CONVERSION = YES;
				CLANG_WARN_OBJC_IMPLICIT_RETAIN_SELF = YES;
				CLANG_WARN_OBJC_LITERAL_CONVERSION = YES;
				CLANG_WARN_OBJC_ROOT_CLASS = YES_ERROR;
				CLANG_WARN_RANGE_LOOP_ANALYSIS = YES;
				CLANG_WARN_STRICT_PROTOTYPES = YES;
				CLANG_WARN_SUSPICIOUS_MOVE = YES;
				CLANG_WARN_UNGUARDED_AVAILABILITY = YES_AGGRESSIVE;
				CLANG_WARN_UNREACHABLE_CODE = YES;
				CLANG_WARN__DUPLICATE_METHOD_MATCH = YES;
				COPY_PHASE_STRIP = NO;
				DEBUG_INFORMATION_FORMAT = "dwarf-with-dsym";
				ENABLE_NS_ASSERTIONS = NO;
				ENABLE_STRICT_OBJC_MSGSEND = YES;
				GCC_C_LANGUAGE_STANDARD = gnu11;
				GCC_NO_COMMON_BLOCKS = YES;
				GCC_WARN_64_TO_32_BIT_CONVERSION = YES;
				GCC_WARN_ABOUT_RETURN_TYPE = YES_ERROR;
				GCC_WARN_UNDECLARED_SELECTOR = YES;
				GCC_WARN_UNINITIALIZED_AUTOS = YES_AGGRESSIVE;
				GCC_WARN_UNUSED_FUNCTION = YES;
				GCC_WARN_UNUSED_VARIABLE = YES;
				IPHONEOS_DEPLOYMENT_TARGET = 13.6;
				MTL_ENABLE_DEBUG_INFO = NO;
				MTL_FAST_MATH = YES;
				SDKROOT = iphoneos;
				SWIFT_COMPILATION_MODE = wholemodule;
				SWIFT_OPTIMIZATION_LEVEL = "-O";
				VALIDATE_PRODUCT = YES;
			};
			name = Release;
		};
		040C978E24C5B1D100A18B57 /* Debug */ = {
			isa = XCBuildConfiguration;
			baseConfigurationReference = 4351FF0C72193A0753F01667 /* Pods-LoginExample.debug.xcconfig */;
			buildSettings = {
				ASSETCATALOG_COMPILER_APPICON_NAME = AppIcon;
				CODE_SIGN_STYLE = Automatic;
				DEVELOPMENT_TEAM = 3NMQ3D66GQ;
				INFOPLIST_FILE = LoginExample/Info.plist;
				LD_RUNPATH_SEARCH_PATHS = (
					"$(inherited)",
					"@executable_path/Frameworks",
				);
				PRODUCT_BUNDLE_IDENTIFIER = tm.LoginExample;
				PRODUCT_NAME = "$(TARGET_NAME)";
				SWIFT_VERSION = 5.0;
				TARGETED_DEVICE_FAMILY = "1,2";
			};
			name = Debug;
		};
		040C978F24C5B1D100A18B57 /* Release */ = {
			isa = XCBuildConfiguration;
			baseConfigurationReference = 1EB3935BEEEAAC9701EA3E50 /* Pods-LoginExample.release.xcconfig */;
			buildSettings = {
				ASSETCATALOG_COMPILER_APPICON_NAME = AppIcon;
				CODE_SIGN_STYLE = Automatic;
				DEVELOPMENT_TEAM = 3NMQ3D66GQ;
				INFOPLIST_FILE = LoginExample/Info.plist;
				LD_RUNPATH_SEARCH_PATHS = (
					"$(inherited)",
					"@executable_path/Frameworks",
				);
				PRODUCT_BUNDLE_IDENTIFIER = tm.LoginExample;
				PRODUCT_NAME = "$(TARGET_NAME)";
				SWIFT_VERSION = 5.0;
				TARGETED_DEVICE_FAMILY = "1,2";
			};
			name = Release;
		};
/* End XCBuildConfiguration section */

/* Begin XCConfigurationList section */
		040C977424C5B1CE00A18B57 /* Build configuration list for PBXProject "LoginExample" */ = {
			isa = XCConfigurationList;
			buildConfigurations = (
				040C978B24C5B1D100A18B57 /* Debug */,
				040C978C24C5B1D100A18B57 /* Release */,
			);
			defaultConfigurationIsVisible = 0;
			defaultConfigurationName = Release;
		};
		040C978D24C5B1D100A18B57 /* Build configuration list for PBXNativeTarget "LoginExample" */ = {
			isa = XCConfigurationList;
			buildConfigurations = (
				040C978E24C5B1D100A18B57 /* Debug */,
				040C978F24C5B1D100A18B57 /* Release */,
			);
			defaultConfigurationIsVisible = 0;
			defaultConfigurationName = Release;
		};
/* End XCConfigurationList section */
	};
	rootObject = 040C977124C5B1CE00A18B57 /* Project object */;
}
